{"SurveyEntry":{"SurveyID":"SV_08OlC7yH9wV6g8m","SurveyName":"DCE_MDG","SurveyDescription":null,"SurveyOwnerID":"UR_1Isl9VDVNtcL01d","SurveyBrandID":"qualtricsxmdfq57lymp","DivisionID":null,"SurveyLanguage":"DE","SurveyActiveResponseSet":"RS_0ugxV7FYOrVzhLE","SurveyStatus":"Active","SurveyStartDate":"0000-00-00 00:00:00","SurveyExpirationDate":"0000-00-00 00:00:00","SurveyCreationDate":"2024-08-28 04:11:14","CreatorID":"UR_1Isl9VDVNtcL01d","LastModified":"2024-08-31 02:51:48","LastAccessed":"0000-00-00 00:00:00","LastActivated":"2024-08-28 04:48:14","Deleted":null},"SurveyElements":[{"SurveyID":"SV_08OlC7yH9wV6g8m","Element":"BL","PrimaryAttribute":"Survey Blocks","SecondaryAttribute":null,"TertiaryAttribute":null,"Payload":[{"Type":"Default","Description":"Part I: Informed Consent","ID":"BL_essF3a4UAY3Qjcy","BlockElements":[{"Type":"Question","QuestionID":"QID2"},{"Type":"Question","QuestionID":"QID73"},{"Type":"Question","QuestionID":"QID7"}],"Options":{"BlockLocking":"false","RandomizeQuestions":"false","BlockVisibility":"Expanded"}},{"Type":"Trash","Description":"Papierkorb \/ Nicht verwendete Fragen","ID":"BL_5zEqAWlsvARVDx4","BlockElements":[{"Type":"Question","QuestionID":"QID3"},{"Type":"Question","QuestionID":"QID9"},{"Type":"Question","QuestionID":"QID10"},{"Type":"Question","QuestionID":"QID11"},{"Type":"Question","QuestionID":"QID12"},{"Type":"Question","QuestionID":"QID13"},{"Type":"Question","QuestionID":"QID14"},{"Type":"Question","QuestionID":"QID15"},{"Type":"Question","QuestionID":"QID16"},{"Type":"Question","QuestionID":"QID17"},{"Type":"Question","QuestionID":"QID1"},{"Type":"Question","QuestionID":"QID18"},{"Type":"Question","QuestionID":"QID8"},{"Type":"Question","QuestionID":"QID35"},{"Type":"Question","QuestionID":"QID37"},{"Type":"Question","QuestionID":"QID56"},{"Type":"Question","QuestionID":"QID59"},{"Type":"Question","QuestionID":"QID61"},{"Type":"Question","QuestionID":"QID36"},{"Type":"Question","QuestionID":"QID64"},{"Type":"Question","QuestionID":"QID65"},{"Type":"Question","QuestionID":"QID66"},{"Type":"Question","QuestionID":"QID5"},{"Type":"Question","QuestionID":"QID69"},{"Type":"Question","QuestionID":"QID71"},{"Type":"Question","QuestionID":"QID76"}]},{"Type":"Standard","SubType":"","Description":"Scenario 1: Intro","ID":"BL_0Swj3yzOER9Md7g","BlockElements":[{"Type":"Question","QuestionID":"QID70"}],"Options":{"BlockLocking":"false","RandomizeQuestions":"false","BlockVisibility":"Collapsed"}},{"Type":"Standard","SubType":"","Description":"Part III: Discrete Choice Experiment","ID":"BL_9XIA8nvCK1hAuDI","BlockElements":[{"Type":"Question","QuestionID":"QID74"},{"Type":"Question","QuestionID":"QID4"}],"Options":{"BlockLocking":"false","RandomizeQuestions":"false","BlockVisibility":"Expanded"}},{"Type":"Standard","SubType":"","Description":"Scenario 1: Experiments","ID":"BL_cGVwVmsiT0Wf1mC","BlockElements":[{"Type":"Question","QuestionID":"QID19"},{"Type":"Page Break"},{"Type":"Question","QuestionID":"QID20"},{"Type":"Page Break"},{"Type":"Question","QuestionID":"QID21"},{"Type":"Page Break"},{"Type":"Question","QuestionID":"QID22"},{"Type":"Page Break"},{"Type":"Question","QuestionID":"QID23"},{"Type":"Page Break"},{"Type":"Question","QuestionID":"QID24"},{"Type":"Page Break"},{"Type":"Question","QuestionID":"QID25"},{"Type":"Page Break"},{"Type":"Question","QuestionID":"QID26"},{"Type":"Page Break"},{"Type":"Question","QuestionID":"QID27"},{"Type":"Page Break"},{"Type":"Question","QuestionID":"QID28"},{"Type":"Page Break"},{"Type":"Question","QuestionID":"QID29"},{"Type":"Page Break"},{"Type":"Question","QuestionID":"QID30"},{"Type":"Page Break"},{"Type":"Question","QuestionID":"QID31"},{"Type":"Page Break"},{"Type":"Question","QuestionID":"QID32"},{"Type":"Page Break"},{"Type":"Question","QuestionID":"QID33"},{"Type":"Page Break"},{"Type":"Question","QuestionID":"QID34"}],"Options":{"BlockLocking":"false","RandomizeQuestions":"RandomWithOnlyX","Randomization":{"Advanced":{"TotalRandSubset":"8","QuestionsPerPage":0}},"BlockVisibility":"Collapsed"}},{"Type":"Standard","SubType":"","Description":"Part II: Preliminary questions","ID":"BL_czEGYJYurp6Inqu","BlockElements":[{"Type":"Question","QuestionID":"QID72"},{"Type":"Question","QuestionID":"QID67"},{"Type":"Question","QuestionID":"QID57"},{"Type":"Question","QuestionID":"QID60"},{"Type":"Question","QuestionID":"QID63"},{"Type":"Question","QuestionID":"QID68"}],"Options":{"BlockLocking":"false","RandomizeQuestions":"false","BlockVisibility":"Expanded"}},{"Type":"Standard","SubType":"","Description":"Scenario 2: Intro","ID":"BL_0vtmD3VUoUxoU50","BlockElements":[{"Type":"Question","QuestionID":"QID6"}],"Options":{"BlockLocking":"false","RandomizeQuestions":"false","BlockVisibility":"Expanded"}},{"Type":"Standard","SubType":"","Description":"Scenario 2: Experiments","ID":"BL_d1r4ZBDpc94pBRA","BlockElements":[{"Type":"Question","QuestionID":"QID38"},{"Type":"Page Break"},{"Type":"Question","QuestionID":"QID39"},{"Type":"Page Break"},{"Type":"Question","QuestionID":"QID40"},{"Type":"Page Break"},{"Type":"Question","QuestionID":"QID41"},{"Type":"Page Break"},{"Type":"Question","QuestionID":"QID42"},{"Type":"Page Break"},{"Type":"Question","QuestionID":"QID43"},{"Type":"Page Break"},{"Type":"Question","QuestionID":"QID44"},{"Type":"Page Break"},{"Type":"Question","QuestionID":"QID45"},{"Type":"Page Break"},{"Type":"Question","QuestionID":"QID46"},{"Type":"Page Break"},{"Type":"Question","QuestionID":"QID47"},{"Type":"Page Break"},{"Type":"Question","QuestionID":"QID48"},{"Type":"Page Break"},{"Type":"Question","QuestionID":"QID49"},{"Type":"Page Break"},{"Type":"Question","QuestionID":"QID50"},{"Type":"Page Break"},{"Type":"Question","QuestionID":"QID51"},{"Type":"Page Break"},{"Type":"Question","QuestionID":"QID52"},{"Type":"Page Break"},{"Type":"Question","QuestionID":"QID53"}],"Options":{"BlockLocking":"false","RandomizeQuestions":"RandomWithOnlyX","Randomization":{"Advanced":{"TotalRandSubset":"4","QuestionsPerPage":0}},"BlockVisibility":"Collapsed"}},{"Type":"Standard","SubType":"","Description":"Part IV: Conclusion","ID":"BL_blWxndp7Ee7h0bk","BlockElements":[{"Type":"Question","QuestionID":"QID75"},{"Type":"Question","QuestionID":"QID58"},{"Type":"Question","QuestionID":"QID55"},{"Type":"Question","QuestionID":"QID62"},{"Type":"Question","QuestionID":"QID54"}],"Options":{"BlockLocking":"false","RandomizeQuestions":"false","BlockVisibility":"Expanded"}}]},{"SurveyID":"SV_08OlC7yH9wV6g8m","Element":"FL","PrimaryAttribute":"Survey Flow","SecondaryAttribute":null,"TertiaryAttribute":null,"Payload":{"Type":"Root","FlowID":"FL_1","Flow":[{"Type":"Block","ID":"BL_essF3a4UAY3Qjcy","FlowID":"FL_2","Autofill":[]},{"Type":"Branch","FlowID":"FL_7","Description":"New Branch","BranchLogic":{"0":{"0":{"LogicType":"Question","QuestionID":"QID7","QuestionIsInLoop":"no","ChoiceLocator":"q:\/\/QID7\/SelectableChoice\/2","Operator":"Selected","QuestionIDFromLocator":"QID7","LeftOperand":"q:\/\/QID7\/SelectableChoice\/2","Type":"Expression","Description":"<span class=\"ConjDesc\">Wenn<\/span> <span class=\"QuestionDesc\">Datenschutzerkl\u00e4rung<\/span> <span class=\"LeftOpDesc\">I do not consent and do not want to participate<\/span> <span class=\"OpDesc\">Ist ausgew\u00e4hlt<\/span> "},"Type":"If"},"Type":"BooleanExpression"},"Flow":[{"Type":"EndSurvey","FlowID":"FL_8"}]},{"Type":"Standard","ID":"BL_czEGYJYurp6Inqu","FlowID":"FL_10","Autofill":[]},{"Type":"Standard","ID":"BL_9XIA8nvCK1hAuDI","FlowID":"FL_4","Autofill":[]},{"Type":"Standard","ID":"BL_0Swj3yzOER9Md7g","FlowID":"FL_3","Autofill":[]},{"Type":"Standard","ID":"BL_cGVwVmsiT0Wf1mC","FlowID":"FL_5","Autofill":[]},{"Type":"Standard","ID":"BL_0vtmD3VUoUxoU50","FlowID":"FL_13","Autofill":[]},{"Type":"Standard","ID":"BL_d1r4ZBDpc94pBRA","FlowID":"FL_14","Autofill":[]},{"ID":"BL_blWxndp7Ee7h0bk","Type":"Standard","FlowID":"FL_17"}],"Properties":{"Count":17}}},{"SurveyID":"SV_08OlC7yH9wV6g8m","Element":"PL","PrimaryAttribute":"Preview Link","SecondaryAttribute":null,"TertiaryAttribute":null,"Payload":{"PreviewType":"Brand","PreviewID":"e5afd775-f776-41ba-b8e4-d49c2a71f5c1"}},{"SurveyID":"SV_08OlC7yH9wV6g8m","Element":"SO","PrimaryAttribute":"Survey Options","SecondaryAttribute":null,"TertiaryAttribute":null,"Payload":{"BackButton":"false","SaveAndContinue":"true","SurveyProtection":"PublicSurvey","BallotBoxStuffingPrevention":"false","NoIndex":"Yes","SecureResponseFiles":"true","SurveyExpiration":"None","SurveyTermination":"DefaultMessage","Header":"","Footer":" Michael Bressler, michael.bressler@tum.de","ProgressBarDisplay":"NoText","PartialData":"+1 week","ValidationMessage":null,"PreviousButton":" \u2190 ","NextButton":"Weiter","SurveyTitle":"Qualtrics Umfrage | Qualtrics Experience Management","SkinLibrary":"qualtricsxmdfq57lymp","SkinType":"templated","Skin":{"brandingId":null,"templateId":"*modern","overrides":{"layout":{"spacing":0},"colors":{"primary":"#006fde"},"contrast":0,"questionText":{"size":"18px"}}},"NewScoring":1,"SurveyMetaDescription":"Die st\u00e4rkste, einfachste und vertrauensw\u00fcrdigste M\u00f6glichkeit zur Sammlung von Erfahrungsdaten. Beginnen Sie Ihre Reise mit Experience Management und testen Sie noch heute ein kostenloses Konto.","SurveyName":"DCE_MDG","EOSMessage":null,"ShowExportTags":"false","CollectGeoLocation":"false","PasswordProtection":"No","AnonymizeResponse":"No","RefererCheck":"No","UseCustomSurveyLinkCompletedMessage":null,"SurveyLinkCompletedMessage":null,"SurveyLinkCompletedMessageLibrary":null,"ResponseSummary":"No","EOSMessageLibrary":null,"EOSRedirectURL":null,"EmailThankYou":"false","ThankYouEmailMessageLibrary":null,"ThankYouEmailMessage":null,"ValidateMessage":"false","ValidationMessageLibrary":null,"InactiveSurvey":"DefaultMessage","PartialDeletion":null,"PartialDataCloseAfter":"LastActivity","InactiveMessageLibrary":null,"InactiveMessage":null,"AvailableLanguages":{"DE":[]},"CustomStyles":[],"QuestionsPerPage":"1","Autoadvance":"false","AutoadvanceHideButton":"false","AutoadvancePages":"false","Autofocus":"false","ProtectSelectionIds":true}},{"SurveyID":"SV_08OlC7yH9wV6g8m","Element":"QGO","PrimaryAttribute":"QGO_QuotaGroupOrder","SecondaryAttribute":null,"TertiaryAttribute":null,"Payload":["QG_6CVoh0qtfx46uyM"]},{"SurveyID":"SV_08OlC7yH9wV6g8m","Element":"SCO","PrimaryAttribute":"Scoring","SecondaryAttribute":null,"TertiaryAttribute":null,"Payload":{"ScoringCategories":[],"ScoringCategoryGroups":[],"ScoringSummaryCategory":null,"ScoringSummaryAfterQuestions":0,"ScoringSummaryAfterSurvey":0,"DefaultScoringCategory":null,"AutoScoringCategory":null}},{"SurveyID":"SV_08OlC7yH9wV6g8m","Element":"PROJ","PrimaryAttribute":"CORE","SecondaryAttribute":null,"TertiaryAttribute":"1.1.0","Payload":{"ProjectCategory":"CORE","SchemaVersion":"1.1.0"}},{"SurveyID":"SV_08OlC7yH9wV6g8m","Element":"STAT","PrimaryAttribute":"Survey Statistics","SecondaryAttribute":null,"TertiaryAttribute":null,"Payload":{"MobileCompatible":true,"ID":"Survey Statistics"}},{"SurveyID":"SV_08OlC7yH9wV6g8m","Element":"SQ","PrimaryAttribute":"QID19","SecondaryAttribute":" ","TertiaryAttribute":null,"Payload":{"QuestionText":"<img src=\"https:\/\/qualtricsxmdfq57lymp.qualtrics.com\/CP\/Graphic.php?IM=IM_bPXLeKGvQVv5yUC\" style=\"width: 1183px; height: 454px;\" \/>","DefaultChoices":false,"DataExportTag":"S1_2035_EC_AN","QuestionType":"MC","Selector":"SAHR","SubSelector":"TX","DataVisibility":{"Private":false,"Hidden":false},"Configuration":{"QuestionDescriptionOption":"UseText","LabelPosition":"BELOW"},"QuestionDescription":" ","Choices":{"1":{"Display":"Integrated Route Planning"},"2":{"Display":"Multiple Route Planners"}},"ChoiceOrder":["1","2"],"Validation":{"Settings":{"ForceResponse":"OFF","Type":"None"}},"GradingData":[],"Language":[],"NextChoiceId":4,"NextAnswerId":1,"QuestionID":"QID19"}},{"SurveyID":"SV_08OlC7yH9wV6g8m","Element":"SQ","PrimaryAttribute":"QID20","SecondaryAttribute":" ","TertiaryAttribute":null,"Payload":{"QuestionText":"<img src=\"https:\/\/qualtricsxmdfq57lymp.qualtrics.com\/CP\/Graphic.php?IM=IM_d0jmBfmoK1VDqya\" style=\"width: 1112px; height: 457px;\" \/>","DefaultChoices":false,"DataExportTag":"S1_2035_EC_RN","QuestionType":"MC","Selector":"SAHR","SubSelector":"TX","DataVisibility":{"Private":false,"Hidden":false},"Configuration":{"QuestionDescriptionOption":"UseText","LabelPosition":"BELOW"},"QuestionDescription":" ","Choices":{"1":{"Display":"Integrated Route Planning"},"2":{"Display":"Multiple Route Planners"}},"ChoiceOrder":["1","2"],"Validation":{"Settings":{"ForceResponse":"OFF","Type":"None"}},"GradingData":[],"Language":[],"NextChoiceId":4,"NextAnswerId":1,"QuestionID":"QID20"}},{"SurveyID":"SV_08OlC7yH9wV6g8m","Element":"SQ","PrimaryAttribute":"QID21","SecondaryAttribute":" ","TertiaryAttribute":null,"Payload":{"QuestionText":"<img src=\"https:\/\/qualtricsxmdfq57lymp.qualtrics.com\/CP\/Graphic.php?IM=IM_6LIA16IPtFO3eXY\" style=\"width: 1173px; height: 448px;\" \/>","DefaultChoices":false,"DataExportTag":"S1_2035_EM_AN","QuestionType":"MC","Selector":"SAHR","SubSelector":"TX","DataVisibility":{"Private":false,"Hidden":false},"Configuration":{"QuestionDescriptionOption":"UseText","LabelPosition":"BELOW"},"QuestionDescription":" ","Choices":{"1":{"Display":"Integrated Route Planning"},"2":{"Display":"Multiple Route Planners"}},"ChoiceOrder":["1","2"],"Validation":{"Settings":{"ForceResponse":"OFF","Type":"None"}},"GradingData":[],"Language":[],"NextChoiceId":4,"NextAnswerId":1,"QuestionID":"QID21"}},{"SurveyID":"SV_08OlC7yH9wV6g8m","Element":"SQ","PrimaryAttribute":"QID22","SecondaryAttribute":" ","TertiaryAttribute":null,"Payload":{"QuestionText":"<img src=\"https:\/\/qualtricsxmdfq57lymp.qualtrics.com\/CP\/Graphic.php?IM=IM_37SoymoDQ4pUJRc\" style=\"width: 1088px; height: 458px;\" \/>","DefaultChoices":false,"DataExportTag":"S1_2035_EM_RN","QuestionType":"MC","Selector":"SAHR","SubSelector":"TX","DataVisibility":{"Private":false,"Hidden":false},"Configuration":{"QuestionDescriptionOption":"UseText","LabelPosition":"BELOW"},"QuestionDescription":" ","Choices":{"1":{"Display":"Integrated Route Planning"},"2":{"Display":"Multiple Route Planners"}},"ChoiceOrder":["1","2"],"Validation":{"Settings":{"ForceResponse":"OFF","Type":"None"}},"GradingData":[],"Language":[],"NextChoiceId":4,"NextAnswerId":1,"QuestionID":"QID22"}},{"SurveyID":"SV_08OlC7yH9wV6g8m","Element":"SQ","PrimaryAttribute":"QID23","SecondaryAttribute":" ","TertiaryAttribute":null,"Payload":{"QuestionText":"<img src=\"https:\/\/qualtricsxmdfq57lymp.qualtrics.com\/CP\/Graphic.php?IM=IM_6YHal9ERs9hgEbI\" style=\"width: 1180px; height: 456px;\" \/>","DefaultChoices":false,"DataExportTag":"S1_2035_MM_AN","QuestionType":"MC","Selector":"SAHR","SubSelector":"TX","DataVisibility":{"Private":false,"Hidden":false},"Configuration":{"QuestionDescriptionOption":"UseText","LabelPosition":"BELOW"},"QuestionDescription":" ","Choices":{"1":{"Display":"Integrated Route Planning"},"2":{"Display":"Multiple Route Planners"}},"ChoiceOrder":["1","2"],"Validation":{"Settings":{"ForceResponse":"OFF","Type":"None"}},"GradingData":[],"Language":[],"NextChoiceId":4,"NextAnswerId":1,"QuestionID":"QID23"}},{"SurveyID":"SV_08OlC7yH9wV6g8m","Element":"SQ","PrimaryAttribute":"QID24","SecondaryAttribute":" ","TertiaryAttribute":null,"Payload":{"QuestionText":"<img src=\"https:\/\/qualtricsxmdfq57lymp.qualtrics.com\/CP\/Graphic.php?IM=IM_bjyUovG3qGjOMKy\" style=\"width: 1094px; height: 450px;\" \/>","DefaultChoices":false,"DataExportTag":"S1_2035_MM_RN","QuestionType":"MC","Selector":"SAHR","SubSelector":"TX","DataVisibility":{"Private":false,"Hidden":false},"Configuration":{"QuestionDescriptionOption":"UseText","LabelPosition":"BELOW"},"QuestionDescription":" ","Choices":{"1":{"Display":"Integrated Route Planning"},"2":{"Display":"Multiple Route Planners"}},"ChoiceOrder":["1","2"],"Validation":{"Settings":{"ForceResponse":"OFF","Type":"None"}},"GradingData":[],"Language":[],"NextChoiceId":4,"NextAnswerId":1,"QuestionID":"QID24"}},{"SurveyID":"SV_08OlC7yH9wV6g8m","Element":"SQ","PrimaryAttribute":"QID25","SecondaryAttribute":" ","TertiaryAttribute":null,"Payload":{"QuestionText":"<img src=\"https:\/\/qualtricsxmdfq57lymp.qualtrics.com\/CP\/Graphic.php?IM=IM_8BtZ2OP7KsaGWns\" style=\"width: 1182px; height: 456px;\" \/>","DefaultChoices":false,"DataExportTag":"S1_2050_EC_AN","QuestionType":"MC","Selector":"SAHR","SubSelector":"TX","DataVisibility":{"Private":false,"Hidden":false},"Configuration":{"QuestionDescriptionOption":"UseText","LabelPosition":"BELOW"},"QuestionDescription":" ","Choices":{"1":{"Display":"Integrated Route Planning"},"2":{"Display":"Multiple Route Planners"}},"ChoiceOrder":["1","2"],"Validation":{"Settings":{"ForceResponse":"OFF","Type":"None"}},"GradingData":[],"Language":[],"NextChoiceId":4,"NextAnswerId":1,"QuestionID":"QID25"}},{"SurveyID":"SV_08OlC7yH9wV6g8m","Element":"SQ","PrimaryAttribute":"QID26","SecondaryAttribute":" ","TertiaryAttribute":null,"Payload":{"QuestionText":"<img src=\"https:\/\/qualtricsxmdfq57lymp.qualtrics.com\/CP\/Graphic.php?IM=IM_8p4xH50Fyx4luXI\" \/>","DefaultChoices":false,"DataExportTag":"S1_2050_EC_RN","QuestionType":"MC","Selector":"SAHR","SubSelector":"TX","DataVisibility":{"Private":false,"Hidden":false},"Configuration":{"QuestionDescriptionOption":"UseText","LabelPosition":"BELOW"},"QuestionDescription":" ","Choices":{"1":{"Display":"Integrated Route Planning"},"2":{"Display":"Multiple Route Planners"}},"ChoiceOrder":["1","2"],"Validation":{"Settings":{"ForceResponse":"OFF","Type":"None"}},"GradingData":[],"Language":[],"NextChoiceId":4,"NextAnswerId":1,"QuestionID":"QID26"}},{"SurveyID":"SV_08OlC7yH9wV6g8m","Element":"SQ","PrimaryAttribute":"QID27","SecondaryAttribute":" ","TertiaryAttribute":null,"Payload":{"QuestionText":"<img src=\"https:\/\/qualtricsxmdfq57lymp.qualtrics.com\/CP\/Graphic.php?IM=IM_54O3417uRnwjwWi\" style=\"width: 1177px; height: 451px;\" \/>","DefaultChoices":false,"DataExportTag":"S1_2050_EM_AN","QuestionType":"MC","Selector":"SAHR","SubSelector":"TX","DataVisibility":{"Private":false,"Hidden":false},"Configuration":{"QuestionDescriptionOption":"UseText","LabelPosition":"BELOW"},"QuestionDescription":" ","Choices":{"1":{"Display":"Integrated Route Planning"},"2":{"Display":"Multiple Route Planners"}},"ChoiceOrder":["1","2"],"Validation":{"Settings":{"ForceResponse":"OFF","Type":"None"}},"GradingData":[],"Language":[],"NextChoiceId":4,"NextAnswerId":1,"QuestionID":"QID27"}},{"SurveyID":"SV_08OlC7yH9wV6g8m","Element":"SQ","PrimaryAttribute":"QID28","SecondaryAttribute":" ","TertiaryAttribute":null,"Payload":{"QuestionText":"<img src=\"https:\/\/qualtricsxmdfq57lymp.qualtrics.com\/CP\/Graphic.php?IM=IM_eF2R1pl55cWbczQ\" style=\"width: 1104px; height: 455px;\" \/>","DefaultChoices":false,"DataExportTag":"S1_2050_EM_RN","QuestionType":"MC","Selector":"SAHR","SubSelector":"TX","DataVisibility":{"Private":false,"Hidden":false},"Configuration":{"QuestionDescriptionOption":"UseText","LabelPosition":"BELOW"},"QuestionDescription":" ","Choices":{"1":{"Display":"Integrated Route Planning"},"2":{"Display":"Multiple Route Planners"}},"ChoiceOrder":["1","2"],"Validation":{"Settings":{"ForceResponse":"OFF","Type":"None"}},"GradingData":[],"Language":[],"NextChoiceId":4,"NextAnswerId":1,"QuestionID":"QID28"}},{"SurveyID":"SV_08OlC7yH9wV6g8m","Element":"SQ","PrimaryAttribute":"QID29","SecondaryAttribute":" ","TertiaryAttribute":null,"Payload":{"QuestionText":"<img src=\"https:\/\/qualtricsxmdfq57lymp.qualtrics.com\/CP\/Graphic.php?IM=IM_ddmUbmc7pZFobKC\" style=\"width: 1179px; height: 453px;\" \/>","DefaultChoices":false,"DataExportTag":"S1_2050_MM_AN","QuestionType":"MC","Selector":"SAHR","SubSelector":"TX","DataVisibility":{"Private":false,"Hidden":false},"Configuration":{"QuestionDescriptionOption":"UseText","LabelPosition":"BELOW"},"QuestionDescription":" ","Choices":{"1":{"Display":"Integrated Route Planning"},"2":{"Display":"Multiple Route Planners"}},"ChoiceOrder":["1","2"],"Validation":{"Settings":{"ForceResponse":"OFF","Type":"None"}},"GradingData":[],"Language":[],"NextChoiceId":4,"NextAnswerId":1,"QuestionID":"QID29"}},{"SurveyID":"SV_08OlC7yH9wV6g8m","Element":"SQ","PrimaryAttribute":"QID30","SecondaryAttribute":" ","TertiaryAttribute":null,"Payload":{"QuestionText":"<img src=\"https:\/\/qualtricsxmdfq57lymp.qualtrics.com\/CP\/Graphic.php?IM=IM_7aqCPvxt7ghwebQ\" style=\"width: 1103px; height: 457px;\" \/>","DefaultChoices":false,"DataExportTag":"S1_2050_MM_RN","QuestionType":"MC","Selector":"SAHR","SubSelector":"TX","DataVisibility":{"Private":false,"Hidden":false},"Configuration":{"QuestionDescriptionOption":"UseText","LabelPosition":"BELOW"},"QuestionDescription":" ","Choices":{"1":{"Display":"Integrated Route Planning"},"2":{"Display":"Multiple Route Planners"}},"ChoiceOrder":["1","2"],"Validation":{"Settings":{"ForceResponse":"OFF","Type":"None"}},"GradingData":[],"Language":[],"NextChoiceId":4,"NextAnswerId":1,"QuestionID":"QID30"}},{"SurveyID":"SV_08OlC7yH9wV6g8m","Element":"SQ","PrimaryAttribute":"QID31","SecondaryAttribute":" ","TertiaryAttribute":null,"Payload":{"QuestionText":"<img src=\"https:\/\/qualtricsxmdfq57lymp.qualtrics.com\/CP\/Graphic.php?IM=IM_bf9acdwcskgYTNc\" style=\"width: 1177px; height: 459px;\" \/>","DefaultChoices":false,"DataExportTag":"S1_3535_EC_AN","QuestionType":"MC","Selector":"SAHR","SubSelector":"TX","DataVisibility":{"Private":false,"Hidden":false},"Configuration":{"QuestionDescriptionOption":"UseText","LabelPosition":"BELOW"},"QuestionDescription":" ","Choices":{"1":{"Display":"Integrated Route Planning"},"2":{"Display":"Multiple Route Planners"}},"ChoiceOrder":["1","2"],"Validation":{"Settings":{"ForceResponse":"OFF","Type":"None"}},"GradingData":[],"Language":[],"NextChoiceId":4,"NextAnswerId":1,"QuestionID":"QID31"}},{"SurveyID":"SV_08OlC7yH9wV6g8m","Element":"SQ","PrimaryAttribute":"QID32","SecondaryAttribute":" ","TertiaryAttribute":null,"Payload":{"QuestionText":"<img src=\"https:\/\/qualtricsxmdfq57lymp.qualtrics.com\/CP\/Graphic.php?IM=IM_3m8z2oBYLYLYWWy\" style=\"width: 1103px; height: 453px;\" \/>","DefaultChoices":false,"DataExportTag":"S1_3535_EC_RN","QuestionType":"MC","Selector":"SAHR","SubSelector":"TX","DataVisibility":{"Private":false,"Hidden":false},"Configuration":{"QuestionDescriptionOption":"UseText","LabelPosition":"BELOW"},"QuestionDescription":" ","Choices":{"1":{"Display":"Integrated Route Planning"},"2":{"Display":"Multiple Route Planners"}},"ChoiceOrder":["1","2"],"Validation":{"Settings":{"ForceResponse":"OFF","Type":"None"}},"GradingData":[],"Language":[],"NextChoiceId":4,"NextAnswerId":1,"QuestionID":"QID32"}},{"SurveyID":"SV_08OlC7yH9wV6g8m","Element":"SQ","PrimaryAttribute":"QID33","SecondaryAttribute":" ","TertiaryAttribute":null,"Payload":{"QuestionText":"<img src=\"https:\/\/qualtricsxmdfq57lymp.qualtrics.com\/CP\/Graphic.php?IM=IM_4OWgiiCYavM04vQ\" style=\"width: 1183px; height: 454px;\" \/>","DefaultChoices":false,"DataExportTag":"S1_3535_EM_AN","QuestionType":"MC","Selector":"SAHR","SubSelector":"TX","DataVisibility":{"Private":false,"Hidden":false},"Configuration":{"QuestionDescriptionOption":"UseText","LabelPosition":"BELOW"},"QuestionDescription":" ","Choices":{"1":{"Display":"Integrated Route Planning"},"2":{"Display":"Multiple Route Planners"}},"ChoiceOrder":["1","2"],"Validation":{"Settings":{"ForceResponse":"OFF","Type":"None"}},"GradingData":[],"Language":[],"NextChoiceId":4,"NextAnswerId":1,"QuestionID":"QID33"}},{"SurveyID":"SV_08OlC7yH9wV6g8m","Element":"SQ","PrimaryAttribute":"QID34","SecondaryAttribute":" ","TertiaryAttribute":null,"Payload":{"QuestionText":"<img src=\"https:\/\/qualtricsxmdfq57lymp.qualtrics.com\/CP\/Graphic.php?IM=IM_0VRMNIlBgYW787I\" style=\"width: 1103px; height: 448px;\" \/>","DefaultChoices":false,"DataExportTag":"S1_3535_EM_RN","QuestionType":"MC","Selector":"SAHR","SubSelector":"TX","DataVisibility":{"Private":false,"Hidden":false},"Configuration":{"QuestionDescriptionOption":"UseText","LabelPosition":"BELOW"},"QuestionDescription":" ","Choices":{"1":{"Display":"Integrated Route Planning"},"2":{"Display":"Multiple Route Planners"}},"ChoiceOrder":["1","2"],"Validation":{"Settings":{"ForceResponse":"OFF","Type":"None"}},"GradingData":[],"Language":[],"NextChoiceId":4,"NextAnswerId":1,"QuestionID":"QID34"}},{"SurveyID":"SV_08OlC7yH9wV6g8m","Element":"SQ","PrimaryAttribute":"QID37","SecondaryAttribute":" ","TertiaryAttribute":null,"Payload":{"QuestionText":"<img src=\"https:\/\/qualtricsxmdfq57lymp.qualtrics.com\/CP\/Graphic.php?IM=IM_bPXLeKGvQVv5yUC\" style=\"width: 1183px; height: 454px;\" \/>","DefaultChoices":false,"DataExportTag":"Q37","QuestionType":"MC","Selector":"SAHR","SubSelector":"TX","DataVisibility":{"Private":false,"Hidden":false},"Configuration":{"QuestionDescriptionOption":"UseText","LabelPosition":"BELOW"},"QuestionDescription":" ","Choices":{"1":{"Display":"Integrated Route Planning"},"2":{"Display":"Multiple Route Planners"}},"ChoiceOrder":["1","2"],"Validation":{"Settings":{"ForceResponse":"OFF","Type":"None"}},"GradingData":[],"Language":[],"NextChoiceId":4,"NextAnswerId":1,"QuestionID":"QID37"}},{"SurveyID":"SV_08OlC7yH9wV6g8m","Element":"SQ","PrimaryAttribute":"QID38","SecondaryAttribute":" ","TertiaryAttribute":null,"Payload":{"QuestionText":"<img style=\"width: 1183px; height: 454px;\" src=\"https:\/\/qualtricsxmdfq57lymp.qualtrics.com\/CP\/Graphic.php?IM=IM_efKnkM1sLDIr1Ua\">","DefaultChoices":false,"DataExportTag":"S2_2035_EC_AN","QuestionType":"MC","Selector":"SAHR","SubSelector":"TX","DataVisibility":{"Private":false,"Hidden":false},"Configuration":{"QuestionDescriptionOption":"UseText","LabelPosition":"BELOW"},"QuestionDescription":" ","Choices":{"1":{"Display":"Integrated Route Planning"},"2":{"Display":"Multiple Route Planners"}},"ChoiceOrder":["1","2"],"Validation":{"Settings":{"ForceResponse":"OFF","Type":"None"}},"GradingData":[],"Language":[],"NextChoiceId":4,"NextAnswerId":1,"QuestionID":"QID38"}},{"SurveyID":"SV_08OlC7yH9wV6g8m","Element":"SQ","PrimaryAttribute":"QID39","SecondaryAttribute":" ","TertiaryAttribute":null,"Payload":{"QuestionText":"<img src=\"https:\/\/qualtricsxmdfq57lymp.qualtrics.com\/CP\/Graphic.php?IM=IM_3JXkjkv78Q8cJHE\" style=\"width: 1112px; height: 457px;\" \/>","DefaultChoices":false,"DataExportTag":"S2_2035_EC_RN","QuestionType":"MC","Selector":"SAHR","SubSelector":"TX","DataVisibility":{"Private":false,"Hidden":false},"Configuration":{"QuestionDescriptionOption":"UseText","LabelPosition":"BELOW"},"QuestionDescription":" ","Choices":{"1":{"Display":"Integrated Route Planning"},"2":{"Display":"Multiple Route Planners"}},"ChoiceOrder":["1","2"],"Validation":{"Settings":{"ForceResponse":"OFF","Type":"None"}},"GradingData":[],"Language":[],"NextChoiceId":4,"NextAnswerId":1,"QuestionID":"QID39"}},{"SurveyID":"SV_08OlC7yH9wV6g8m","Element":"SQ","PrimaryAttribute":"QID40","SecondaryAttribute":" ","TertiaryAttribute":null,"Payload":{"QuestionText":"<img src=\"https:\/\/qualtricsxmdfq57lymp.qualtrics.com\/CP\/Graphic.php?IM=IM_9mn8Rj8wLIZOO8K\" style=\"width: 1173px; height: 448px;\" \/>","DefaultChoices":false,"DataExportTag":"S2_2035_EM_AN","QuestionType":"MC","Selector":"SAHR","SubSelector":"TX","DataVisibility":{"Private":false,"Hidden":false},"Configuration":{"QuestionDescriptionOption":"UseText","LabelPosition":"BELOW"},"QuestionDescription":" ","Choices":{"1":{"Display":"Integrated Route Planning"},"2":{"Display":"Multiple Route Planners"}},"ChoiceOrder":["1","2"],"Validation":{"Settings":{"ForceResponse":"OFF","Type":"None"}},"GradingData":[],"Language":[],"NextChoiceId":4,"NextAnswerId":1,"QuestionID":"QID40"}},{"SurveyID":"SV_08OlC7yH9wV6g8m","Element":"SQ","PrimaryAttribute":"QID41","SecondaryAttribute":" ","TertiaryAttribute":null,"Payload":{"QuestionText":"<img src=\"https:\/\/qualtricsxmdfq57lymp.qualtrics.com\/CP\/Graphic.php?IM=IM_8BTeR5o1ueuXhVc\" style=\"width: 1088px; height: 458px;\" \/>","DefaultChoices":false,"DataExportTag":"S2_2035_EM_RN","QuestionType":"MC","Selector":"SAHR","SubSelector":"TX","DataVisibility":{"Private":false,"Hidden":false},"Configuration":{"QuestionDescriptionOption":"UseText","LabelPosition":"BELOW"},"QuestionDescription":" ","Choices":{"1":{"Display":"Integrated Route Planning"},"2":{"Display":"Multiple Route Planners"}},"ChoiceOrder":["1","2"],"Validation":{"Settings":{"ForceResponse":"OFF","Type":"None"}},"GradingData":[],"Language":[],"NextChoiceId":4,"NextAnswerId":1,"QuestionID":"QID41"}},{"SurveyID":"SV_08OlC7yH9wV6g8m","Element":"SQ","PrimaryAttribute":"QID42","SecondaryAttribute":" ","TertiaryAttribute":null,"Payload":{"QuestionText":"<img src=\"https:\/\/qualtricsxmdfq57lymp.qualtrics.com\/CP\/Graphic.php?IM=IM_bdRzgtGJsaR3Wcu\" style=\"width: 1180px; height: 456px;\" \/>","DefaultChoices":false,"DataExportTag":"S2_2035_MM_AN","QuestionType":"MC","Selector":"SAHR","SubSelector":"TX","DataVisibility":{"Private":false,"Hidden":false},"Configuration":{"QuestionDescriptionOption":"UseText","LabelPosition":"BELOW"},"QuestionDescription":" ","Choices":{"1":{"Display":"Integrated Route Planning"},"2":{"Display":"Multiple Route Planners"}},"ChoiceOrder":["1","2"],"Validation":{"Settings":{"ForceResponse":"OFF","Type":"None"}},"GradingData":[],"Language":[],"NextChoiceId":4,"NextAnswerId":1,"QuestionID":"QID42"}},{"SurveyID":"SV_08OlC7yH9wV6g8m","Element":"SQ","PrimaryAttribute":"QID43","SecondaryAttribute":" ","TertiaryAttribute":null,"Payload":{"QuestionText":"<img src=\"https:\/\/qualtricsxmdfq57lymp.qualtrics.com\/CP\/Graphic.php?IM=IM_e2tAes7jZKOFRnE\" style=\"width: 1094px; height: 450px;\" \/>","DefaultChoices":false,"DataExportTag":"S2_2035_MM_RN","QuestionType":"MC","Selector":"SAHR","SubSelector":"TX","DataVisibility":{"Private":false,"Hidden":false},"Configuration":{"QuestionDescriptionOption":"UseText","LabelPosition":"BELOW"},"QuestionDescription":" ","Choices":{"1":{"Display":"Integrated Route Planning"},"2":{"Display":"Multiple Route Planners"}},"ChoiceOrder":["1","2"],"Validation":{"Settings":{"ForceResponse":"OFF","Type":"None"}},"GradingData":[],"Language":[],"NextChoiceId":4,"NextAnswerId":1,"QuestionID":"QID43"}},{"SurveyID":"SV_08OlC7yH9wV6g8m","Element":"SQ","PrimaryAttribute":"QID44","SecondaryAttribute":" ","TertiaryAttribute":null,"Payload":{"QuestionText":"<img src=\"https:\/\/qualtricsxmdfq57lymp.qualtrics.com\/CP\/Graphic.php?IM=IM_eYe0UY2vN8o8GvY\" style=\"width: 1182px; height: 456px;\" \/>","DefaultChoices":false,"DataExportTag":"S2_2050_EC_AN","QuestionType":"MC","Selector":"SAHR","SubSelector":"TX","DataVisibility":{"Private":false,"Hidden":false},"Configuration":{"QuestionDescriptionOption":"UseText","LabelPosition":"BELOW"},"QuestionDescription":" ","Choices":{"1":{"Display":"Integrated Route Planning"},"2":{"Display":"Multiple Route Planners"}},"ChoiceOrder":["1","2"],"Validation":{"Settings":{"ForceResponse":"OFF","Type":"None"}},"GradingData":[],"Language":[],"NextChoiceId":4,"NextAnswerId":1,"QuestionID":"QID44"}},{"SurveyID":"SV_08OlC7yH9wV6g8m","Element":"SQ","PrimaryAttribute":"QID45","SecondaryAttribute":" ","TertiaryAttribute":null,"Payload":{"QuestionText":"<img src=\"https:\/\/qualtricsxmdfq57lymp.qualtrics.com\/CP\/Graphic.php?IM=IM_8uAX6DmSye2ZdC6\" style=\"width: 1104px; height: 453px;\" \/>","DefaultChoices":false,"DataExportTag":"S2_2050_EC_RN","QuestionType":"MC","Selector":"SAHR","SubSelector":"TX","DataVisibility":{"Private":false,"Hidden":false},"Configuration":{"QuestionDescriptionOption":"UseText","LabelPosition":"BELOW"},"QuestionDescription":" ","Choices":{"1":{"Display":"Integrated Route Planning"},"2":{"Display":"Multiple Route Planners"}},"ChoiceOrder":["1","2"],"Validation":{"Settings":{"ForceResponse":"OFF","Type":"None"}},"GradingData":[],"Language":[],"NextChoiceId":4,"NextAnswerId":1,"QuestionID":"QID45"}},{"SurveyID":"SV_08OlC7yH9wV6g8m","Element":"SQ","PrimaryAttribute":"QID46","SecondaryAttribute":" ","TertiaryAttribute":null,"Payload":{"QuestionText":"<img src=\"https:\/\/qualtricsxmdfq57lymp.qualtrics.com\/CP\/Graphic.php?IM=IM_09uwG82UqqvGfOK\" style=\"width: 1177px; height: 451px;\" \/>","DefaultChoices":false,"DataExportTag":"S2_2050_EM_AN","QuestionType":"MC","Selector":"SAHR","SubSelector":"TX","DataVisibility":{"Private":false,"Hidden":false},"Configuration":{"QuestionDescriptionOption":"UseText","LabelPosition":"BELOW"},"QuestionDescription":" ","Choices":{"1":{"Display":"Integrated Route Planning"},"2":{"Display":"Multiple Route Planners"}},"ChoiceOrder":["1","2"],"Validation":{"Settings":{"ForceResponse":"OFF","Type":"None"}},"GradingData":[],"Language":[],"NextChoiceId":4,"NextAnswerId":1,"QuestionID":"QID46"}},{"SurveyID":"SV_08OlC7yH9wV6g8m","Element":"SQ","PrimaryAttribute":"QID47","SecondaryAttribute":" ","TertiaryAttribute":null,"Payload":{"QuestionText":"<img src=\"https:\/\/qualtricsxmdfq57lymp.qualtrics.com\/CP\/Graphic.php?IM=IM_24x6FY6fy4oYiB8\" style=\"width: 1104px; height: 455px;\" \/>","DefaultChoices":false,"DataExportTag":"S2_2050_EM_RN","QuestionType":"MC","Selector":"SAHR","SubSelector":"TX","DataVisibility":{"Private":false,"Hidden":false},"Configuration":{"QuestionDescriptionOption":"UseText","LabelPosition":"BELOW"},"QuestionDescription":" ","Choices":{"1":{"Display":"Integrated Route Planning"},"2":{"Display":"Multiple Route Planners"}},"ChoiceOrder":["1","2"],"Validation":{"Settings":{"ForceResponse":"OFF","Type":"None"}},"GradingData":[],"Language":[],"NextChoiceId":4,"NextAnswerId":1,"QuestionID":"QID47"}},{"SurveyID":"SV_08OlC7yH9wV6g8m","Element":"SQ","PrimaryAttribute":"QID48","SecondaryAttribute":" ","TertiaryAttribute":null,"Payload":{"QuestionText":"<img src=\"https:\/\/qualtricsxmdfq57lymp.qualtrics.com\/CP\/Graphic.php?IM=IM_85MvnvbLBsWVqJ0\" style=\"width: 1179px; height: 453px;\" \/>","DefaultChoices":false,"DataExportTag":"S2_2050_MM_AN","QuestionType":"MC","Selector":"SAHR","SubSelector":"TX","DataVisibility":{"Private":false,"Hidden":false},"Configuration":{"QuestionDescriptionOption":"UseText","LabelPosition":"BELOW"},"QuestionDescription":" ","Choices":{"1":{"Display":"Integrated Route Planning"},"2":{"Display":"Multiple Route Planners"}},"ChoiceOrder":["1","2"],"Validation":{"Settings":{"ForceResponse":"OFF","Type":"None"}},"GradingData":[],"Language":[],"NextChoiceId":4,"NextAnswerId":1,"QuestionID":"QID48"}},{"SurveyID":"SV_08OlC7yH9wV6g8m","Element":"SQ","PrimaryAttribute":"QID49","SecondaryAttribute":" ","TertiaryAttribute":null,"Payload":{"QuestionText":"<img src=\"https:\/\/qualtricsxmdfq57lymp.qualtrics.com\/CP\/Graphic.php?IM=IM_72QTcmWQ6c6xz6e\" style=\"width: 1103px; height: 457px;\" \/>","DefaultChoices":false,"DataExportTag":"S2_2050_MM_RN","QuestionType":"MC","Selector":"SAHR","SubSelector":"TX","DataVisibility":{"Private":false,"Hidden":false},"Configuration":{"QuestionDescriptionOption":"UseText","LabelPosition":"BELOW"},"QuestionDescription":" ","Choices":{"1":{"Display":"Integrated Route Planning"},"2":{"Display":"Multiple Route Planners"}},"ChoiceOrder":["1","2"],"Validation":{"Settings":{"ForceResponse":"OFF","Type":"None"}},"GradingData":[],"Language":[],"NextChoiceId":4,"NextAnswerId":1,"QuestionID":"QID49"}},{"SurveyID":"SV_08OlC7yH9wV6g8m","Element":"SQ","PrimaryAttribute":"QID50","SecondaryAttribute":" ","TertiaryAttribute":null,"Payload":{"QuestionText":"<img src=\"https:\/\/qualtricsxmdfq57lymp.qualtrics.com\/CP\/Graphic.php?IM=IM_0fEL7Io0pQynRuC\" style=\"width: 1177px; height: 459px;\" \/>","DefaultChoices":false,"DataExportTag":"S2_3535_EC_AN","QuestionType":"MC","Selector":"SAHR","SubSelector":"TX","DataVisibility":{"Private":false,"Hidden":false},"Configuration":{"QuestionDescriptionOption":"UseText","LabelPosition":"BELOW"},"QuestionDescription":" ","Choices":{"1":{"Display":"Integrated Route Planning"},"2":{"Display":"Multiple Route Planners"}},"ChoiceOrder":["1","2"],"Validation":{"Settings":{"ForceResponse":"OFF","Type":"None"}},"GradingData":[],"Language":[],"NextChoiceId":4,"NextAnswerId":1,"QuestionID":"QID50"}},{"SurveyID":"SV_08OlC7yH9wV6g8m","Element":"SQ","PrimaryAttribute":"QID51","SecondaryAttribute":" ","TertiaryAttribute":null,"Payload":{"QuestionText":"<img src=\"https:\/\/qualtricsxmdfq57lymp.qualtrics.com\/CP\/Graphic.php?IM=IM_9Xl1Xx3zGMleAoC\" style=\"width: 1103px; height: 453px;\" \/>","DefaultChoices":false,"DataExportTag":"S2_3535_EC_RN","QuestionType":"MC","Selector":"SAHR","SubSelector":"TX","DataVisibility":{"Private":false,"Hidden":false},"Configuration":{"QuestionDescriptionOption":"UseText","LabelPosition":"BELOW"},"QuestionDescription":" ","Choices":{"1":{"Display":"Integrated Route Planning"},"2":{"Display":"Multiple Route Planners"}},"ChoiceOrder":["1","2"],"Validation":{"Settings":{"ForceResponse":"OFF","Type":"None"}},"GradingData":[],"Language":[],"NextChoiceId":4,"NextAnswerId":1,"QuestionID":"QID51"}},{"SurveyID":"SV_08OlC7yH9wV6g8m","Element":"SQ","PrimaryAttribute":"QID52","SecondaryAttribute":" ","TertiaryAttribute":null,"Payload":{"QuestionText":"<img src=\"https:\/\/qualtricsxmdfq57lymp.qualtrics.com\/CP\/Graphic.php?IM=IM_6likv7qCeZSRceW\" style=\"width: 1183px; height: 454px;\" \/>","DefaultChoices":false,"DataExportTag":"S2_3535_EM_AN","QuestionType":"MC","Selector":"SAHR","SubSelector":"TX","DataVisibility":{"Private":false,"Hidden":false},"Configuration":{"QuestionDescriptionOption":"UseText","LabelPosition":"BELOW"},"QuestionDescription":" ","Choices":{"1":{"Display":"Integrated Route Planning"},"2":{"Display":"Multiple Route Planners"}},"ChoiceOrder":["1","2"],"Validation":{"Settings":{"ForceResponse":"OFF","Type":"None"}},"GradingData":[],"Language":[],"NextChoiceId":4,"NextAnswerId":1,"QuestionID":"QID52"}},{"SurveyID":"SV_08OlC7yH9wV6g8m","Element":"SQ","PrimaryAttribute":"QID53","SecondaryAttribute":" ","TertiaryAttribute":null,"Payload":{"QuestionText":"<img src=\"https:\/\/qualtricsxmdfq57lymp.qualtrics.com\/CP\/Graphic.php?IM=IM_bkfm6Vjf2CbO9g2\" style=\"width: 1103px; height: 448px;\" \/>","DefaultChoices":false,"DataExportTag":"S2_3535_EM_RN","QuestionType":"MC","Selector":"SAHR","SubSelector":"TX","DataVisibility":{"Private":false,"Hidden":false},"Configuration":{"QuestionDescriptionOption":"UseText","LabelPosition":"BELOW"},"QuestionDescription":" ","Choices":{"1":{"Display":"Integrated Route Planning"},"2":{"Display":"Multiple Route Planners"}},"ChoiceOrder":["1","2"],"Validation":{"Settings":{"ForceResponse":"OFF","Type":"None"}},"GradingData":[],"Language":[],"NextChoiceId":4,"NextAnswerId":1,"QuestionID":"QID53"}},{"SurveyID":"SV_08OlC7yH9wV6g8m","Element":"QC","PrimaryAttribute":"Survey Question Count","SecondaryAttribute":"76","TertiaryAttribute":null,"Payload":null},{"SurveyID":"SV_08OlC7yH9wV6g8m","Element":"SQ","PrimaryAttribute":"QID3","SecondaryAttribute":"Datenschutzerkl\u00e4rung Ich erkl\u00e4re mich einverstanden","TertiaryAttribute":null,"Payload":{"QuestionText":"Datenschutzerkl\u00e4rung<br>Ich erkl\u00e4re mich einverstanden<br>","DefaultChoices":false,"DataExportTag":"Q3","QuestionType":"DB","Selector":"TB","DataVisibility":{"Private":false,"Hidden":false},"Configuration":{"QuestionDescriptionOption":"UseText"},"QuestionDescription":"Datenschutzerkl\u00e4rung Ich erkl\u00e4re mich einverstanden","ChoiceOrder":[],"Validation":{"Settings":{"Type":"None"}},"GradingData":[],"Language":[],"NextChoiceId":4,"NextAnswerId":1,"QuestionID":"QID3"}},{"SurveyID":"SV_08OlC7yH9wV6g8m","Element":"SQ","PrimaryAttribute":"QID5","SecondaryAttribute":"First Scenario: Commute\/Leisure Trip You are traveling a fixed door to door distance from your ho...","TertiaryAttribute":null,"Payload":{"QuestionText":"<h2>First Scenario: Commute\/Leisure Trip<\/h2>\nYou are traveling a fixed door to door distance from your home to a specific location in the city.<br>\nThe purpose of your trip is either<strong> <\/strong><strong>commuting <\/strong>to work or school or <b>leisure<\/b>.<br>\n<br>\nTo get to your destination, you<strong> will have to use multiple modes of transport.<\/strong><br>\nDepending on the time of day, this could include cycling, driving, regional trains, subways, ridesharing (e.g. Uber), Busses (e.g. Flixbus), rented e-Scooters, Citybikes and more.<br>\n<br>\nTo guide you to your destination, you can choose to either use a&nbsp;<strong>integrated route planner<\/strong> that combines the data from all the different modes or&nbsp;<strong>mutliple route planners&nbsp;<\/strong>for every mode of transport.<br><br><br>","DefaultChoices":false,"DataExportTag":"Scenario 1: Intro","QuestionType":"DB","Selector":"TB","DataVisibility":{"Private":false,"Hidden":false},"Configuration":{"QuestionDescriptionOption":"UseText"},"QuestionDescription":"First Scenario: Commute\/Leisure Trip You are traveling a fixed door to door distance from your ho...","ChoiceOrder":[],"Validation":{"Settings":{"Type":"None"}},"GradingData":[],"Language":[],"NextChoiceId":4,"NextAnswerId":1,"QuestionID":"QID5"}},{"SurveyID":"SV_08OlC7yH9wV6g8m","Element":"SQ","PrimaryAttribute":"QID70","SecondaryAttribute":"First Scenario: Commute\/Leisure Trip You are traveling a fixed door to door distance from your ho...","TertiaryAttribute":null,"Payload":{"QuestionText":"<h2>First Scenario: Commute\/Leisure Trip<\/h2>\nYou are traveling a fixed door to door distance from your home to a specific location in the city.<br>\n<u>The <b>purpose of your trip<\/b> is either <b>commuting<\/b> to work\/school or <b>leisure<\/b>.<\/u><br>\n<br>\nTo get to your destination, you <b>will have to use multiple modes of transport<\/b>.<br>\nDepending on the time of day, this could include cycling, driving, regional trains, subways, ridesharing (e.g. Uber), Busses (e.g. Flixbus), rented e-Scooters, Citybikes and more.<br>\n<br>\nTo guide you to your destination, <b>you can choose<\/b> to either use a <b>integrated route planner<\/b> that combines the data from all the different modes or <b>multiple route planners<\/b> for every mode of transport:<br>\n<br>\n<b>- Integrated route planner:<\/b> Relies on data sharing from other providers to combine all your mobility data in a single place to give you up to date information about fastest connections, delays and estimated arrival (e.g. could be Google Maps).<br>\n<b>- Multiple route planners:<\/b> You will need to use different route planners for different sections of your trip since the data is not shared between providers (e.g. could be a selection of DB Navigator, Google Maps, MVGO, Lime Scooters, Uber over the duration of your trip).<br>\n<br>\n<b>For each choice set, make your decision based on:<\/b><br>\n<i><b>Total Travel Time:<\/b><\/i> Includes the entire duration of your trip including unexpected delays (door to door).<br>\n<b><i>Route Planning Experience:<\/i><\/b> Reflects the ease of use of the route planning process, including assistance with transfers, delays and overall user experience.<br>\n<b><i>Personal Data Shared Between Providers:<\/i><\/b> Indicates which of your personal data is shared between mobility providers (such as DB, Google, Flixbus). Can range from none to anonymized occupancy data to realtime location data for the duration of your trip.","DefaultChoices":false,"DataExportTag":"Q70","QuestionType":"DB","Selector":"TB","DataVisibility":{"Private":false,"Hidden":false},"Configuration":{"QuestionDescriptionOption":"UseText"},"QuestionDescription":"First Scenario: Commute\/Leisure Trip You are traveling a fixed door to door distance from your ho...","ChoiceOrder":[],"Validation":{"Settings":{"Type":"None"}},"GradingData":[],"Language":[],"NextChoiceId":4,"NextAnswerId":1,"QuestionID":"QID70"}},{"SurveyID":"SV_08OlC7yH9wV6g8m","Element":"SQ","PrimaryAttribute":"QID62","SecondaryAttribute":"How long is your average commute?","TertiaryAttribute":null,"Payload":{"QuestionText":"How long is your average commute?","DefaultChoices":false,"DataExportTag":"Q62","QuestionType":"MC","Selector":"SAVR","SubSelector":"TX","DataVisibility":{"Private":false,"Hidden":false},"Configuration":{"QuestionDescriptionOption":"UseText","LabelPosition":"BELOW"},"QuestionDescription":"How long is your average commute?","Choices":{"1":{"Display":"Under 20 Minutes"},"3":{"Display":"20-40 Minutes"},"5":{"Display":"Over 40 Minutes"}},"ChoiceOrder":["1","3","5"],"Validation":{"Settings":{"ForceResponse":"OFF","Type":"None"}},"GradingData":[],"Language":[],"NextChoiceId":7,"NextAnswerId":1,"QuestionID":"QID62"}},{"SurveyID":"SV_08OlC7yH9wV6g8m","Element":"SQ","PrimaryAttribute":"QID58","SecondaryAttribute":"How many different navigation and route planning tools do you use on a daily basis?","TertiaryAttribute":null,"Payload":{"QuestionText":"How many different navigation and route planning tools do you use on a daily basis?","DefaultChoices":false,"DataExportTag":"Q58","QuestionType":"MC","Selector":"SAVR","SubSelector":"TX","DataVisibility":{"Private":false,"Hidden":false},"Configuration":{"QuestionDescriptionOption":"UseText","LabelPosition":"BELOW"},"QuestionDescription":"How many different navigation and route planning tools do you use on a daily basis?","Choices":{"1":{"Display":"1-2"},"5":{"Display":"5 or more"},"9":{"Display":"3-4"}},"ChoiceOrder":["1","9","5"],"Validation":{"Settings":{"ForceResponse":"OFF","Type":"None"}},"GradingData":[],"Language":[],"NextChoiceId":11,"NextAnswerId":1,"QuestionID":"QID58"}},{"SurveyID":"SV_08OlC7yH9wV6g8m","Element":"SQ","PrimaryAttribute":"QID68","SecondaryAttribute":"How would you rate your skills regarding information technology?","TertiaryAttribute":null,"Payload":{"QuestionText":"How would you rate your skills regarding information technology?","DataExportTag":"IT","QuestionType":"MC","Selector":"SAVR","SubSelector":"TX","DataVisibility":{"Private":false,"Hidden":false},"Configuration":{"QuestionDescriptionOption":"UseText"},"QuestionDescription":"How would you rate your skills regarding information technology?","Choices":{"1":{"Display":"Rather good"},"2":{"Display":"Okay"},"5":{"Display":"Rather poor"}},"ChoiceOrder":["1","2","5"],"Validation":{"Settings":{"ForceResponse":"OFF","Type":"None"}},"Language":[],"NextChoiceId":6,"NextAnswerId":1,"QuestionID":"QID68"}},{"SurveyID":"SV_08OlC7yH9wV6g8m","Element":"SQ","PrimaryAttribute":"QID4","SecondaryAttribute":"In this section of the survey, you will participate in a discrete choice experiment centered on a...","TertiaryAttribute":null,"Payload":{"QuestionText":"In this section of the survey, you will participate in a discrete choice experiment centered on a new mobility policy proposal in Germany.<br><br>The German Government is planning the introduction of a <b>federal mobility data bill (\u201cMobilit\u00e4tsdatengesetz\u201d)<\/b>. The intent is to force processors of mobility data such as route planning services to share mobility data among each other.&nbsp;<br>\n<br>\nWhile this aims to unify data on mobility and transport in order to make multi-modal transport route planning more efficient and easy to use for citizens, it also leaves open questions around the use of personal data.<br>\n<br>\nTo better understand this issue, <strong>you will be given 12 choice sets<\/strong> (8 for the first scenario and 4 for the second) and asked to<strong> choose between your preferred way of route planning for a predetermined route.&nbsp;<\/strong><br>\n<br>\nYour choice will always be between a single <strong>data-integrated route planner<\/strong> and using <strong>multiple different route planners<\/strong> for reaching your destination. The purpose of your trip will change between scenarios and the attributes connected with the specific route planning alternatives will change in each case.","DefaultChoices":false,"DataExportTag":"Q4","QuestionType":"DB","Selector":"TB","DataVisibility":{"Private":false,"Hidden":false},"Configuration":{"QuestionDescriptionOption":"UseText"},"QuestionDescription":"In this section of the survey, you will participate in a discrete choice experiment centered on a...","ChoiceOrder":[],"Validation":{"Settings":{"Type":"None"}},"GradingData":[],"Language":[],"NextChoiceId":4,"NextAnswerId":1,"QuestionID":"QID4"}},{"SurveyID":"SV_08OlC7yH9wV6g8m","Element":"SQ","PrimaryAttribute":"QID54","SecondaryAttribute":"Is there anything else you want to tell us?","TertiaryAttribute":null,"Payload":{"QuestionText":"Is there anything else you want to tell us?","DefaultChoices":false,"DataExportTag":"Q54","QuestionType":"TE","Selector":"SL","DataVisibility":{"Private":false,"Hidden":false},"Configuration":{"QuestionDescriptionOption":"UseText"},"QuestionDescription":"Is there anything else you want to tell us?","Validation":{"Settings":{"ForceResponse":"OFF","Type":"None"}},"GradingData":[],"Language":[],"NextChoiceId":4,"NextAnswerId":1,"SearchSource":{"AllowFreeResponse":"false"},"QuestionID":"QID54"}},{"SurveyID":"SV_08OlC7yH9wV6g8m","Element":"SQ","PrimaryAttribute":"QID73","SecondaryAttribute":"Part I: Consent","TertiaryAttribute":null,"Payload":{"QuestionText":"Part I: Consent","DefaultChoices":false,"DataExportTag":"Q73","QuestionType":"DB","Selector":"TB","DataVisibility":{"Private":false,"Hidden":false},"Configuration":{"QuestionDescriptionOption":"UseText"},"QuestionDescription":"Part I: Consent","ChoiceOrder":[],"Validation":{"Settings":{"Type":"None"}},"GradingData":[],"Language":[],"NextChoiceId":4,"NextAnswerId":1,"QuestionID":"QID73"}},{"SurveyID":"SV_08OlC7yH9wV6g8m","Element":"SQ","PrimaryAttribute":"QID72","SecondaryAttribute":"Part II: Preliminary Questions","TertiaryAttribute":null,"Payload":{"QuestionText":"Part II: Preliminary Questions","DefaultChoices":false,"DataExportTag":"Q72","QuestionType":"DB","Selector":"TB","DataVisibility":{"Private":false,"Hidden":false},"Configuration":{"QuestionDescriptionOption":"UseText"},"QuestionDescription":"Part II: Preliminary Questions","ChoiceOrder":[],"Validation":{"Settings":{"Type":"None"}},"GradingData":[],"Language":[],"NextChoiceId":4,"NextAnswerId":1,"QuestionID":"QID72"}},{"SurveyID":"SV_08OlC7yH9wV6g8m","Element":"SQ","PrimaryAttribute":"QID74","SecondaryAttribute":"Part III: Discrete Choice Experiment","TertiaryAttribute":null,"Payload":{"QuestionText":"Part III: Discrete Choice Experiment","DefaultChoices":false,"DataExportTag":"Q74","QuestionType":"DB","Selector":"TB","DataVisibility":{"Private":false,"Hidden":false},"Configuration":{"QuestionDescriptionOption":"UseText"},"QuestionDescription":"Part III: Discrete Choice Experiment","ChoiceOrder":[],"Validation":{"Settings":{"Type":"None"}},"GradingData":[],"Language":[],"NextChoiceId":4,"NextAnswerId":1,"QuestionID":"QID74"}},{"SurveyID":"SV_08OlC7yH9wV6g8m","Element":"SQ","PrimaryAttribute":"QID75","SecondaryAttribute":"Part IV: Concluding questions","TertiaryAttribute":null,"Payload":{"QuestionText":"Part IV: Concluding questions","DefaultChoices":false,"DataExportTag":"Q75","QuestionType":"DB","Selector":"TB","DataVisibility":{"Private":false,"Hidden":false},"Configuration":{"QuestionDescriptionOption":"UseText"},"QuestionDescription":"Part IV: Concluding questions","ChoiceOrder":[],"Validation":{"Settings":{"Type":"None"}},"GradingData":[],"Language":[],"NextChoiceId":4,"NextAnswerId":1,"QuestionID":"QID75"}},{"SurveyID":"SV_08OlC7yH9wV6g8m","Element":"SQ","PrimaryAttribute":"QID71","SecondaryAttribute":"Pr","TertiaryAttribute":null,"Payload":{"QuestionText":"Pr","DataExportTag":"Q71","QuestionType":"MC","Selector":"SAVR","SubSelector":"TX","DataVisibility":{"Private":false,"Hidden":false},"Configuration":{"QuestionDescriptionOption":"UseText"},"QuestionDescription":"Pr","Choices":{"1":{"Display":"Klicken, um Antwortm\u00f6glichkeit 1 zu erstellen"},"2":{"Display":"Klicken, um Antwortm\u00f6glichkeit 2 zu erstellen"},"3":{"Display":"Klicken, um Antwortm\u00f6glichkeit 3 zu erstellen"}},"ChoiceOrder":["1","2","3"],"Validation":{"Settings":{"ForceResponse":"OFF","Type":"None"}},"Language":[],"NextChoiceId":4,"NextAnswerId":1,"QuestionID":"QID71"}},{"SurveyID":"SV_08OlC7yH9wV6g8m","Element":"SQ","PrimaryAttribute":"QID8","SecondaryAttribute":"Preliminary Questions (demographic)","TertiaryAttribute":null,"Payload":{"QuestionText":"Preliminary Questions (demographic)","DefaultChoices":false,"DataExportTag":"Q8","QuestionType":"DB","Selector":"TB","DataVisibility":{"Private":false,"Hidden":false},"Configuration":{"QuestionDescriptionOption":"UseText"},"QuestionDescription":"Preliminary Questions (demographic)","ChoiceOrder":[],"Validation":{"Settings":{"Type":"None"}},"GradingData":[],"Language":[],"NextChoiceId":4,"NextAnswerId":1,"QuestionID":"QID8"}},{"SurveyID":"SV_08OlC7yH9wV6g8m","Element":"SQ","PrimaryAttribute":"QID6","SecondaryAttribute":"Second Scenario: Buisness Trip You are traveling a fixed door to door distance from your home to...","TertiaryAttribute":null,"Payload":{"QuestionText":"<h2>Second Scenario: Buisness Trip<\/h2>\nYou are traveling a fixed door to door distance from your home to a specific location in the city.<br>\n<u>The&nbsp;<b>purpose of your trip<\/b>&nbsp;is to <strong>conduct&nbsp;buisness in an official capacity<\/strong>.<\/u><br>\n<br>\nTo get to your destination, you&nbsp;<b>will have to use multiple modes of transport<\/b>.<br>\nDepending on the time of day, this could include cycling, driving, regional trains, subways, ridesharing (e.g. Uber), Busses (e.g. Flixbus), rented e-Scooters, Citybikes and more.<br>\n<br>\nTo guide you to your destination,&nbsp;<b>you can choose<\/b>&nbsp;to either use a&nbsp;<b>integrated route planner<\/b>&nbsp;that combines the data from all the different modes or&nbsp;<b>multiple route planners<\/b>&nbsp;for every mode of transport:<br>\n<br>\n<b>- Integrated route planner:<\/b>&nbsp;Relies on data sharing from other providers to combine all your mobility data in a single place to give you up to date information about fastest connections, delays and estimated arrival (e.g. could be Google Maps).<br>\n<b>- Multiple route planners:<\/b>&nbsp;You will need to use different route planners for different sections of your trip since the data is not shared between providers (e.g. could be a selection of DB Navigator, Google Maps, MVGO, Lime Scooters, Uber over the duration of your trip).<br>\n<br>\n<b>For each choice set, make your decision based on:<\/b><br>\n<i><b>Total Travel Time:<\/b><\/i>&nbsp;Includes the entire duration of your trip including unexpected delays (door to door).<br>\n<b><i>Route Planning Experience:<\/i><\/b>&nbsp;Reflects the ease of use of the route planning process, including assistance with transfers, delays and overall user experience.<br>\n<b><i>Personal Data Shared Between Providers:<\/i><\/b>&nbsp;Indicates which of your personal data is shared between mobility providers (such as DB, Google, Flixbus). Can range from none to anonymized occupancy data to realtime location data for the duration of your trip.","DefaultChoices":false,"DataExportTag":"Q6","QuestionType":"DB","Selector":"TB","DataVisibility":{"Private":false,"Hidden":false},"Configuration":{"QuestionDescriptionOption":"UseText"},"QuestionDescription":"Second Scenario: Buisness Trip You are traveling a fixed door to door distance from your home to...","ChoiceOrder":[],"Validation":{"Settings":{"Type":"None"}},"GradingData":[],"Language":[],"NextChoiceId":4,"NextAnswerId":1,"QuestionID":"QID6"}},{"SurveyID":"SV_08OlC7yH9wV6g8m","Element":"RS","PrimaryAttribute":"RS_0ugxV7FYOrVzhLE","SecondaryAttribute":"Standard-Antwortsatz","TertiaryAttribute":null,"Payload":null},{"SurveyID":"SV_08OlC7yH9wV6g8m","Element":"QG","PrimaryAttribute":"QG_6CVoh0qtfx46uyM","SecondaryAttribute":"Standard-Quotengruppe","TertiaryAttribute":null,"Payload":{"ID":"QG_6CVoh0qtfx46uyM","Name":"Standard-Quotengruppe","Selected":true,"MultipleMatch":"PlaceInAll","Public":false,"Quotas":[]}},{"SurveyID":"SV_08OlC7yH9wV6g8m","Element":"SQ","PrimaryAttribute":"QID7","SecondaryAttribute":"Thank you for your interest! You are invited to take part in a discrete choice experiment focused...","TertiaryAttribute":null,"Payload":{"QuestionText":"Thank you for your interest! <br><br>You are invited to take part in a discrete choice experiment focused on mobility policy. The goal of this survey is to better our understanding of travel preferences and behavior to inform mobility legislation.<br>\n<br>\nThis survey <strong>will take around 5 minutes<\/strong> and begin with demographic questions, followed by two blocks of discrete choice experiments and conclude with general questions about mobility patterns.<br>\n<br>\nThe information you provide will be<strong> used solely for research purposes as part of a course assignment<\/strong> at the Technical University of Munich. By proceeding, you consent to participate voluntarily and agree to the collection of your data for the purpose of this research.<br>\n<br>\n<b>Thank you for your valuable contribution.<\/b><br>","DefaultChoices":false,"DataExportTag":"Consent","QuestionType":"MC","Selector":"SAVR","SubSelector":"TX","DataVisibility":{"Private":false,"Hidden":false},"Configuration":{"QuestionDescriptionOption":"UseText"},"QuestionDescription":"Thank you for your interest! You are invited to take part in a discrete choice experiment focused...","Choices":{"1":{"Display":"Yes, I consent to the collection of my data and want to participate"},"2":{"Display":"No, I do not consent and do not want to participate"}},"ChoiceOrder":["1","2"],"Validation":{"Settings":{"ForceResponse":"OFF","Type":"None"}},"GradingData":[],"Language":[],"NextChoiceId":4,"NextAnswerId":1,"QuestionID":"QID7"}},{"SurveyID":"SV_08OlC7yH9wV6g8m","Element":"SQ","PrimaryAttribute":"QID76","SecondaryAttribute":"Thank you for your participation!","TertiaryAttribute":null,"Payload":{"QuestionText":"Thank you for your participation!","DefaultChoices":false,"DataExportTag":"Q76","QuestionType":"DB","Selector":"TB","DataVisibility":{"Private":false,"Hidden":false},"Configuration":{"QuestionDescriptionOption":"UseText"},"QuestionDescription":"Thank you for your participation!","ChoiceOrder":[],"Validation":{"Settings":{"Type":"None"}},"GradingData":[],"Language":[],"NextChoiceId":4,"NextAnswerId":1,"QuestionID":"QID76"}},{"SurveyID":"SV_08OlC7yH9wV6g8m","Element":"SQ","PrimaryAttribute":"QID36","SecondaryAttribute":"What is your age?","TertiaryAttribute":null,"Payload":{"QuestionText":"What is your age?","DefaultChoices":false,"DataExportTag":"Q36","QuestionType":"MC","Selector":"SAVR","SubSelector":"TX","DataVisibility":{"Private":false,"Hidden":false},"Configuration":{"QuestionDescriptionOption":"UseText","LabelPosition":"BELOW","NumColumns":2},"QuestionDescription":"What is your age?","Choices":{"3":{"Display":"Klicken, um Antwortm\u00f6glichkeit 3 zu erstellen"}},"ChoiceOrder":["3"],"Validation":{"Settings":{"ForceResponse":"OFF","Type":"None"}},"GradingData":[],"Language":[],"NextChoiceId":4,"NextAnswerId":1,"QuestionID":"QID36"}},{"SurveyID":"SV_08OlC7yH9wV6g8m","Element":"SQ","PrimaryAttribute":"QID65","SecondaryAttribute":"What is your age?","TertiaryAttribute":null,"Payload":{"QuestionText":"What is your age?","DefaultChoices":false,"DataExportTag":"Q65","QuestionType":"TE","Selector":"SL","DataVisibility":{"Private":false,"Hidden":false},"Configuration":{"QuestionDescriptionOption":"UseText"},"QuestionDescription":"What is your age?","Validation":{"Settings":{"ForceResponse":"OFF","Type":"ContentType","MinChars":"1","ContentType":"ValidNumber","ValidDateType":"DateWithFormat","ValidPhoneType":"ValidUSPhone","ValidZipType":"ValidUSZip","ValidNumber":{"Min":"","Max":"","NumDecimals":""}}},"GradingData":[],"Language":[],"NextChoiceId":4,"NextAnswerId":1,"SearchSource":{"AllowFreeResponse":"false"},"QuestionID":"QID65"}},{"SurveyID":"SV_08OlC7yH9wV6g8m","Element":"SQ","PrimaryAttribute":"QID67","SecondaryAttribute":"What is your age?","TertiaryAttribute":null,"Payload":{"QuestionText":"What is your age?","DataExportTag":"Age","QuestionType":"MC","Selector":"SAVR","SubSelector":"TX","DataVisibility":{"Private":false,"Hidden":false},"Configuration":{"QuestionDescriptionOption":"UseText"},"QuestionDescription":"What is your age?","Choices":{"1":{"Display":"15-25"},"2":{"Display":"25-35"},"3":{"Display":"35-45"},"4":{"Display":"65-75"},"7":{"Display":"Prefer not to anwser"},"11":{"Display":"45-55"},"13":{"Display":"55-65"},"14":{"Display":"75 and above"}},"ChoiceOrder":["1","2","3","11","13","4","14","7"],"Validation":{"Settings":{"ForceResponse":"OFF","Type":"None"}},"Language":[],"NextChoiceId":15,"NextAnswerId":1,"QuestionID":"QID67"}},{"SurveyID":"SV_08OlC7yH9wV6g8m","Element":"SQ","PrimaryAttribute":"QID60","SecondaryAttribute":"What is your average annual income? ","TertiaryAttribute":null,"Payload":{"QuestionText":"What is your average annual income?&nbsp;","DefaultChoices":false,"DataExportTag":"Income","QuestionType":"MC","Selector":"SAVR","SubSelector":"TX","DataVisibility":{"Private":false,"Hidden":false},"Configuration":{"QuestionDescriptionOption":"UseText","LabelPosition":"BELOW"},"QuestionDescription":"What is your average annual income? ","Choices":{"1":{"Display":"Under \u20ac25,000"},"2":{"Display":"\u20ac25,000 - \u20ac50,000"},"3":{"Display":"\u20ac50,000 - \u20ac75,00"},"5":{"Display":"\u20ac120,000 and above"},"6":{"Display":"\u20ac75,000 - 120,000"},"7":{"Display":"Prefer not to anwser"}},"ChoiceOrder":["1","2","3","6","5","7"],"Validation":{"Settings":{"ForceResponse":"OFF","Type":"None"}},"GradingData":[],"Language":[],"NextChoiceId":8,"NextAnswerId":1,"QuestionID":"QID60"}},{"SurveyID":"SV_08OlC7yH9wV6g8m","Element":"SQ","PrimaryAttribute":"QID57","SecondaryAttribute":"What is your gender?","TertiaryAttribute":null,"Payload":{"QuestionText":"What is your gender?","DefaultChoices":false,"DataExportTag":"Gender","QuestionType":"MC","Selector":"SAVR","SubSelector":"TX","DataVisibility":{"Private":false,"Hidden":false},"Configuration":{"QuestionDescriptionOption":"UseText","LabelPosition":"BELOW"},"QuestionDescription":"What is your gender?","Choices":{"1":{"Display":"Female"},"2":{"Display":"Male"},"3":{"Display":"Non-Binary\/Diverse"},"4":{"Display":"Prefer not to anwser"},"5":{"Display":"Other","TextEntry":"true"}},"ChoiceOrder":["2","1","3","5","4"],"Validation":{"Settings":{"ForceResponse":"OFF","Type":"None"}},"GradingData":[],"Language":[],"NextChoiceId":6,"NextAnswerId":1,"QuestionID":"QID57"}},{"SurveyID":"SV_08OlC7yH9wV6g8m","Element":"SQ","PrimaryAttribute":"QID61","SecondaryAttribute":"Where do you live?","TertiaryAttribute":null,"Payload":{"QuestionText":"Where do you live?<br>","DefaultChoices":false,"DataExportTag":"Q61","QuestionType":"MC","Selector":"SAVR","SubSelector":"TX","DataVisibility":{"Private":false,"Hidden":false},"Configuration":{"QuestionDescriptionOption":"UseText","LabelPosition":"BELOW"},"QuestionDescription":"Where do you live?","Choices":[],"ChoiceOrder":[],"Validation":{"Settings":{"ForceResponse":"OFF","Type":"None"}},"GradingData":[],"Language":[],"NextChoiceId":6,"NextAnswerId":1,"QuestionID":"QID61"}},{"SurveyID":"SV_08OlC7yH9wV6g8m","Element":"SQ","PrimaryAttribute":"QID63","SecondaryAttribute":"Where do you live?","TertiaryAttribute":null,"Payload":{"QuestionText":"Where do you live?","DefaultChoices":false,"DataExportTag":"Environment","QuestionType":"MC","Selector":"SAVR","SubSelector":"TX","DataVisibility":{"Private":false,"Hidden":false},"Configuration":{"QuestionDescriptionOption":"UseText","LabelPosition":"BELOW"},"QuestionDescription":"Where do you live?","Choices":{"3":{"Display":"Small city"},"5":{"Display":"Countryside"},"6":{"Display":"Suburb"},"7":{"Display":"Large city"}},"ChoiceOrder":["3","7","6","5"],"Validation":{"Settings":{"ForceResponse":"OFF","Type":"None"}},"GradingData":[],"Language":[],"NextChoiceId":8,"NextAnswerId":1,"QuestionID":"QID63"}},{"SurveyID":"SV_08OlC7yH9wV6g8m","Element":"SQ","PrimaryAttribute":"QID55","SecondaryAttribute":"Which modes of transport do you typically use for your commute or leisure trip? Please select all...","TertiaryAttribute":null,"Payload":{"QuestionText":"Which modes of transport do you typically use for your commute or leisure trip? Please select all that apply.","DefaultChoices":false,"DataExportTag":"Q55","QuestionType":"MC","Selector":"MAVR","SubSelector":"TX","DataVisibility":{"Private":false,"Hidden":false},"Configuration":{"QuestionDescriptionOption":"UseText"},"QuestionDescription":"Which modes of transport do you typically use for your commute or leisure trip? Please select all...","Choices":{"1":{"Display":"Car"},"2":{"Display":"Bicycle"},"3":{"Display":"Bus"},"5":{"Display":"Walking"},"6":{"Display":"Ridesharing Servies (Uber, Lyft or Taxi)"},"7":{"Display":"Train network (e.g. InterCity, Regional, S-Bahn)"},"10":{"Display":"Rental Services (e.g. CityBike, rented e-Scooter)"},"12":{"Display":"Other","TextEntry":"true"},"13":{"Display":"City train network (e.g. Subway, Tram)"}},"ChoiceOrder":["5","2","1","3","7","13","6","10","12"],"Validation":{"Settings":{"ForceResponse":"OFF","Type":"None"}},"GradingData":[],"Language":[],"NextChoiceId":14,"NextAnswerId":1,"QuestionID":"QID55"}},{"SurveyID":"SV_08OlC7yH9wV6g8m","Element":"SQ","PrimaryAttribute":"QID59","SecondaryAttribute":"Which modes of transport do you typically use for your commute or leisure trip? Please select all...","TertiaryAttribute":null,"Payload":{"QuestionText":"Which modes of transport do you typically use for your commute or leisure trip? Please select all that apply","DefaultChoices":false,"DataExportTag":"Q59","QuestionType":"MC","Selector":"MAVR","SubSelector":"TX","DataVisibility":{"Private":false,"Hidden":false},"Configuration":{"QuestionDescriptionOption":"UseText"},"QuestionDescription":"Which modes of transport do you typically use for your commute or leisure trip? Please select all...","Choices":{"1":{"Display":"Car"},"2":{"Display":"Bicycle"},"3":{"Display":"Bus"},"5":{"Display":"Walking"},"6":{"Display":"Ridesharing Servies (Uber, Lyft or Taxi)"},"7":{"Display":"Train network (e.g. InterCity, Regional, S-Bahn)"},"10":{"Display":"Rental Services (e.g. CityBike, rented e-Scooter)"},"12":{"Display":"Other","TextEntry":"true"},"13":{"Display":"City train network (e.g. Subway, Tram)"}},"ChoiceOrder":["5","2","1","3","7","13","6","10","12"],"Validation":{"Settings":{"ForceResponse":"OFF","Type":"None"}},"GradingData":[],"Language":[],"NextChoiceId":14,"NextAnswerId":1,"QuestionID":"QID59"}},{"SurveyID":"SV_08OlC7yH9wV6g8m","Element":"SQ","PrimaryAttribute":"QID56","SecondaryAttribute":"Which modes of transport do you use for your usual buisness trip? Please select all that apply","TertiaryAttribute":null,"Payload":{"QuestionText":"Which modes of transport do you use for your usual buisness trip? Please select all that apply","DefaultChoices":false,"DataExportTag":"Q56","QuestionType":"MC","Selector":"MAVR","SubSelector":"TX","DataVisibility":{"Private":false,"Hidden":false},"Configuration":{"QuestionDescriptionOption":"UseText"},"QuestionDescription":"Which modes of transport do you use for your usual buisness trip? Please select all that apply","Choices":{"1":{"Display":"Car"},"2":{"Display":"Bicycle"},"3":{"Display":"Bus"},"5":{"Display":"Walking"},"6":{"Display":"Ridesharing Servies (Uber, Lyft or Taxi)"},"7":{"Display":"Train network (e.g. InterCity, Regional, S-Bahn)"},"10":{"Display":"Rental Services (e.g. CityBike, rented e-Scooter)"},"12":{"Display":"Other","TextEntry":"true"},"13":{"Display":"City train network (e.g. Subway, Tram)"}},"ChoiceOrder":["5","2","1","3","7","13","6","10","12"],"Validation":{"Settings":{"ForceResponse":"OFF","Type":"None"}},"GradingData":[],"Language":[],"NextChoiceId":14,"NextAnswerId":1,"QuestionID":"QID56"}},{"SurveyID":"SV_08OlC7yH9wV6g8m","Element":"SQ","PrimaryAttribute":"QID12","SecondaryAttribute":"Wie wahrscheinlich ist es, dass Sie [HIER UNTERNEHMENSNAME EINGEBEN] einem Freund oder Kollegen e...","TertiaryAttribute":null,"Payload":{"QuestionText":"Wie wahrscheinlich ist es, dass Sie [HIER UNTERNEHMENSNAME EINGEBEN] einem Freund oder Kollegen empfehlen?","DefaultChoices":false,"DataExportTag":"Q12","QuestionType":"MC","Selector":"NPS","DataVisibility":{"Private":false,"Hidden":false},"Configuration":{"QuestionDescriptionOption":"UseText"},"QuestionDescription":"Wie wahrscheinlich ist es, dass Sie [HIER UNTERNEHMENSNAME EINGEBEN] einem Freund oder Kollegen e...","Choices":[{"Display":"0"},{"Display":"1"},{"Display":"2"},{"Display":"3"},{"Display":"4"},{"Display":"5"},{"Display":"6"},{"Display":"7"},{"Display":"8"},{"Display":"9"},{"Display":"10"}],"ChoiceOrder":["0","1","2","3","4","5","6","7","8","9","10"],"Validation":{"Settings":{"ForceResponse":"OFF","Type":"None"}},"GradingData":[],"Language":[],"NextChoiceId":11,"NextAnswerId":1,"ColumnLabels":[{"Display":"\u00c4u\u00dferst unwahrscheinlich","IsLabelDefault":true},{"Display":"\u00c4u\u00dferst wahrscheinlich","IsLabelDefault":true}],"QuestionID":"QID12"}},{"SurveyID":"SV_08OlC7yH9wV6g8m","Element":"SQ","PrimaryAttribute":"QID18","SecondaryAttribute":"Yo Mama","TertiaryAttribute":null,"Payload":{"QuestionText":"<b> Yo Mama <\/b>","DefaultChoices":false,"DataExportTag":"Q18","QuestionType":"MC","Selector":"SAVR","SubSelector":"TX","DataVisibility":{"Private":false,"Hidden":false},"Configuration":{"QuestionDescriptionOption":"UseText"},"QuestionDescription":"Yo Mama","Choices":{"1":{"Display":"Klicken, um Antwortm\u00f6glichkeit 1 zu erstellen"},"2":{"Display":"Klicken, um Antwortm\u00f6glichkeit 2 zu erstellen"},"3":{"Display":"Klicken, um Antwortm\u00f6glichkeit 3 zu erstellen"}},"ChoiceOrder":["1","2","3"],"Validation":{"Settings":{"ForceResponse":"OFF","Type":"None"}},"GradingData":[],"Language":[],"NextChoiceId":4,"NextAnswerId":1,"QuestionID":"QID18"}},{"SurveyID":"SV_08OlC7yH9wV6g8m","Element":"SQ","PrimaryAttribute":"QID1","SecondaryAttribute":"Zur Eingabe von Fragentext klicken Sie hier","TertiaryAttribute":null,"Payload":{"QuestionText":"Zur Eingabe von Fragentext klicken Sie hier","DefaultChoices":false,"DataExportTag":"Q1","QuestionID":"QID1","QuestionType":"MC","Selector":"SAHR","DataVisibility":{"Private":false,"Hidden":false},"Configuration":{"QuestionDescriptionOption":"UseText","TextPosition":"inline","LabelPosition":"BELOW"},"QuestionDescription":"Zur Eingabe von Fragentext klicken Sie hier","Choices":{"4":{"Display":"Integrated Route Planning","Image":{"Display":"wda","ImageLocation":"IM_6yTo5JFDaqRFf1A"}},"5":{"Display":"Non-Integrated Route Planning"}},"ChoiceOrder":["4","5"],"Validation":{"Settings":{"ForceResponse":"OFF","Type":"None"}},"GradingData":[],"Language":[],"NextChoiceId":4,"NextAnswerId":3,"SubSelector":"TX","DynamicChoicesData":[]}},{"SurveyID":"SV_08OlC7yH9wV6g8m","Element":"SQ","PrimaryAttribute":"QID2","SecondaryAttribute":"Zur Eingabe von Fragentext klicken Sie hier","TertiaryAttribute":null,"Payload":{"QuestionText":"Zur Eingabe von Fragentext klicken Sie hier","DefaultChoices":false,"DataExportTag":"Q2","QuestionType":"Meta","Selector":"Browser","DataVisibility":{"Private":false,"Hidden":false},"Configuration":{"QuestionDescriptionOption":"UseText"},"QuestionDescription":"Zur Eingabe von Fragentext klicken Sie hier","Choices":{"1":{"Display":"Browser","TextEntry":1},"2":{"Display":"Version","TextEntry":1},"3":{"Display":"Operating System","TextEntry":1},"4":{"Display":"Screen Resolution","TextEntry":1},"5":{"Display":"Flash Version","TextEntry":1},"6":{"Display":"Java Support","TextEntry":1},"7":{"Display":"User Agent","TextEntry":1}},"GradingData":[],"Language":[],"NextChoiceId":4,"NextAnswerId":1,"QuestionID":"QID2"}},{"SurveyID":"SV_08OlC7yH9wV6g8m","Element":"SQ","PrimaryAttribute":"QID9","SecondaryAttribute":"Zur Eingabe von Fragentext klicken Sie hier","TertiaryAttribute":null,"Payload":{"QuestionText":"Zur Eingabe von Fragentext klicken Sie hier","DefaultChoices":false,"DataExportTag":"Q9","QuestionType":"SBS","Selector":"SBSMatrix","DataVisibility":{"Private":false,"Hidden":false},"Configuration":{"QuestionDescriptionOption":"UseText","RepeatHeaders":"none"},"QuestionDescription":"Zur Eingabe von Fragentext klicken Sie hier","Choices":{"4":{"Display":"Klicken, um Aussage 1 zu schreiben"},"5":{"Display":"Klicken, um Aussage 2 zu schreiben"},"6":{"Display":"Klicken, um Aussage 3 zu schreiben"}},"ChoiceOrder":["4","5","6"],"Validation":{"Settings":{"ForceResponse":"OFF","Type":"None"}},"GradingData":[],"Language":[],"NextChoiceId":7,"NextAnswerId":3,"NumberOfQuestions":2,"AdditionalQuestions":{"1":{"Answers":{"1":{"Display":"Antwort 1"},"2":{"Display":"Antwort 2"}},"QuestionText":"Klicken, um Spalte 1 zu schreiben","RecodeValues":[],"VariableNaming":[],"AnalyzeChoices":[],"QuestionType":"Matrix","Selector":"Likert","SubSelector":"SingleAnswer","ChoiceColumnWidthPixels":null,"DataExportTag":"Q9#1","QuestionID":"QID9#1","Choices":{"4":{"Display":"Klicken, um Aussage 1 zu schreiben"},"5":{"Display":"Klicken, um Aussage 2 zu schreiben"},"6":{"Display":"Klicken, um Aussage 3 zu schreiben"}},"ChoiceDataExportTags":false,"QuestionDescription":"Klicken, um Spalte 1 zu schreiben","Configuration":{"QuestionDescriptionOption":"UseText"}},"2":{"Answers":{"1":{"Display":"Antwort 1"},"2":{"Display":"Antwort 2"}},"QuestionText":"Klicken, um Spalte 2 zu schreiben","RecodeValues":[],"VariableNaming":[],"AnalyzeChoices":[],"QuestionType":"Matrix","Selector":"Likert","SubSelector":"SingleAnswer","ChoiceColumnWidthPixels":null,"DataExportTag":"Q9#2","QuestionID":"QID9#2","Choices":{"4":{"Display":"Klicken, um Aussage 1 zu schreiben"},"5":{"Display":"Klicken, um Aussage 2 zu schreiben"},"6":{"Display":"Klicken, um Aussage 3 zu schreiben"}},"ChoiceDataExportTags":false,"QuestionDescription":"Klicken, um Spalte 2 zu schreiben","Configuration":{"QuestionDescriptionOption":"UseText"}}},"ChoiceDataExportTags":false,"QuestionID":"QID9"}},{"SurveyID":"SV_08OlC7yH9wV6g8m","Element":"SQ","PrimaryAttribute":"QID10","SecondaryAttribute":"Zur Eingabe von Fragentext klicken Sie hier","TertiaryAttribute":null,"Payload":{"QuestionText":"Zur Eingabe von Fragentext klicken Sie hier","DefaultChoices":false,"DataExportTag":"Q10","QuestionType":"CS","Selector":"VRTL","SubSelector":"TX","DataVisibility":{"Private":false,"Hidden":false},"Configuration":{"QuestionDescriptionOption":"UseText"},"QuestionDescription":"Zur Eingabe von Fragentext klicken Sie hier","Choices":{"1":{"Display":"Klicken, um Antwortm\u00f6glichkeit 1 zu erstellen"},"2":{"Display":"Klicken, um Antwortm\u00f6glichkeit 2 zu erstellen"},"3":{"Display":"Klicken, um Antwortm\u00f6glichkeit 3 zu erstellen"}},"ChoiceOrder":["1","2","3"],"Validation":{"Settings":{"EnforceRange":"OFF","Type":"None","ForceResponse":"OFF"}},"GradingData":[],"Language":[],"NextChoiceId":4,"NextAnswerId":1,"Labels":[],"ClarifyingSymbolType":"None","QuestionID":"QID10"}},{"SurveyID":"SV_08OlC7yH9wV6g8m","Element":"SQ","PrimaryAttribute":"QID11","SecondaryAttribute":"Zur Eingabe von Fragentext klicken Sie hier","TertiaryAttribute":null,"Payload":{"QuestionText":"Zur Eingabe von Fragentext klicken Sie hier","DefaultChoices":false,"DataExportTag":"Q11","QuestionType":"DD","Selector":"DL","DataVisibility":{"Private":false,"Hidden":false},"Configuration":{"QuestionDescriptionOption":"UseText"},"QuestionDescription":"Zur Eingabe von Fragentext klicken Sie hier","Choices":{"1":{"Display":"Klicken, um Gruppe 1 zu schreiben"},"2":{"Display":"Klicken, um Gruppe 2 zu schreiben"},"3":{"Display":"Klicken, um Gruppe 3 zu schreiben"}},"ChoiceOrder":["1","2","3"],"Validation":{"Settings":{"ForceResponse":"OFF","Type":"None"}},"GradingData":[],"Language":[],"NextChoiceId":4,"QuestionID":"QID11"}},{"SurveyID":"SV_08OlC7yH9wV6g8m","Element":"SQ","PrimaryAttribute":"QID13","SecondaryAttribute":"Zur Eingabe von Fragentext klicken Sie hier","TertiaryAttribute":null,"Payload":{"QuestionText":"Zur Eingabe von Fragentext klicken Sie hier","DefaultChoices":false,"DataExportTag":"Q13","QuestionType":"RO","Selector":"DND","SubSelector":"TX","DataVisibility":{"Private":false,"Hidden":false},"Configuration":{"QuestionDescriptionOption":"UseText"},"QuestionDescription":"Zur Eingabe von Fragentext klicken Sie hier","Choices":{"1":{"Display":"Klicken, um Element 1 zu schreiben"},"2":{"Display":"Klicken, um Element 2 zu schreiben"},"3":{"Display":"Klicken, um Element 3 zu schreiben"}},"ChoiceOrder":["1","2","3"],"Validation":{"Settings":{"ForceResponse":"OFF","Type":"None"}},"GradingData":[],"Language":[],"NextChoiceId":4,"NextAnswerId":1,"QuestionID":"QID13"}},{"SurveyID":"SV_08OlC7yH9wV6g8m","Element":"SQ","PrimaryAttribute":"QID14","SecondaryAttribute":"Zur Eingabe von Fragentext klicken Sie hier","TertiaryAttribute":null,"Payload":{"QuestionText":"Zur Eingabe von Fragentext klicken Sie hier","DefaultChoices":false,"DataExportTag":"Q14","QuestionType":"TE","Selector":"FORM","DataVisibility":{"Private":false,"Hidden":false},"Configuration":{"QuestionDescriptionOption":"UseText"},"QuestionDescription":"Zur Eingabe von Fragentext klicken Sie hier","Choices":{"1":{"Display":"Klicken, um Antwortm\u00f6glichkeit 1 zu erstellen"},"2":{"Display":"Klicken, um Antwortm\u00f6glichkeit 2 zu erstellen"},"3":{"Display":"Klicken, um Antwortm\u00f6glichkeit 3 zu erstellen"}},"ChoiceOrder":["1","2","3"],"Validation":{"Settings":{"ForceResponse":"OFF","Type":null}},"GradingData":[],"Language":[],"NextChoiceId":4,"NextAnswerId":1,"SearchSource":{"AllowFreeResponse":"false"},"QuestionID":"QID14"}},{"SurveyID":"SV_08OlC7yH9wV6g8m","Element":"SQ","PrimaryAttribute":"QID15","SecondaryAttribute":"Zur Eingabe von Fragentext klicken Sie hier","TertiaryAttribute":null,"Payload":{"QuestionText":"Zur Eingabe von Fragentext klicken Sie hier","DefaultChoices":false,"DataExportTag":"Q15","QuestionType":"Matrix","Selector":"Likert","SubSelector":"SingleAnswer","DataVisibility":{"Private":false,"Hidden":false},"Configuration":{"QuestionDescriptionOption":"UseText","TextPosition":"inline","ChoiceColumnWidth":25,"RepeatHeaders":"none","WhiteSpace":"OFF","MobileFirst":true},"QuestionDescription":"Zur Eingabe von Fragentext klicken Sie hier","Choices":{"1":{"Display":"Klicken, um Aussage 1 zu schreiben"},"2":{"Display":"Klicken, um Aussage 2 zu schreiben"},"3":{"Display":"Klicken, um Aussage 3 zu schreiben"}},"ChoiceOrder":["1","2","3"],"Validation":{"Settings":{"ForceResponse":"OFF","Type":"None"}},"GradingData":[],"Language":[],"NextChoiceId":4,"NextAnswerId":4,"Answers":{"1":{"Display":"Klicken, um Skalenwert 1 zu schreiben"},"2":{"Display":"Klicken, um Skalenwert 2 zu schreiben"},"3":{"Display":"Klicken, um Skalenwert 3 zu schreiben"}},"AnswerOrder":["1","2","3"],"ChoiceDataExportTags":false,"QuestionID":"QID15"}},{"SurveyID":"SV_08OlC7yH9wV6g8m","Element":"SQ","PrimaryAttribute":"QID16","SecondaryAttribute":"Zur Eingabe von Fragentext klicken Sie hier","TertiaryAttribute":null,"Payload":{"QuestionText":"Zur Eingabe von Fragentext klicken Sie hier","DefaultChoices":false,"DataExportTag":"Q16","QuestionType":"MC","Selector":"SAVR","SubSelector":"TX","DataVisibility":{"Private":false,"Hidden":false},"Configuration":{"QuestionDescriptionOption":"UseText"},"QuestionDescription":"Zur Eingabe von Fragentext klicken Sie hier","Choices":{"1":{"Display":"Klicken, um Antwortm\u00f6glichkeit 1 zu erstellen"},"2":{"Display":"Klicken, um Antwortm\u00f6glichkeit 2 zu erstellen"},"3":{"Display":"Klicken, um Antwortm\u00f6glichkeit 3 zu erstellen"}},"ChoiceOrder":["1","2","3"],"Validation":{"Settings":{"ForceResponse":"OFF","Type":"None"}},"GradingData":[],"Language":[],"NextChoiceId":4,"NextAnswerId":1,"QuestionID":"QID16"}},{"SurveyID":"SV_08OlC7yH9wV6g8m","Element":"SQ","PrimaryAttribute":"QID17","SecondaryAttribute":"Zur Eingabe von Fragentext klicken Sie hier","TertiaryAttribute":null,"Payload":{"QuestionText":"Zur Eingabe von Fragentext klicken Sie hier","DefaultChoices":false,"DataExportTag":"Q17","QuestionType":"DB","Selector":"TB","DataVisibility":{"Private":false,"Hidden":false},"Configuration":{"QuestionDescriptionOption":"UseText"},"QuestionDescription":"Zur Eingabe von Fragentext klicken Sie hier","ChoiceOrder":[],"Validation":{"Settings":{"Type":"None"}},"GradingData":[],"Language":[],"NextChoiceId":4,"NextAnswerId":1,"QuestionID":"QID17"}},{"SurveyID":"SV_08OlC7yH9wV6g8m","Element":"SQ","PrimaryAttribute":"QID35","SecondaryAttribute":"Zur Eingabe von Fragentext klicken Sie hier","TertiaryAttribute":null,"Payload":{"QuestionText":"Zur Eingabe von Fragentext klicken Sie hier","DefaultChoices":false,"DataExportTag":"Q35","QuestionType":"DB","Selector":"TB","DataVisibility":{"Private":false,"Hidden":false},"Configuration":{"QuestionDescriptionOption":"UseText"},"QuestionDescription":"Zur Eingabe von Fragentext klicken Sie hier","ChoiceOrder":[],"Validation":{"Settings":{"Type":"None"}},"GradingData":[],"Language":[],"NextChoiceId":4,"NextAnswerId":1,"QuestionID":"QID35"}},{"SurveyID":"SV_08OlC7yH9wV6g8m","Element":"SQ","PrimaryAttribute":"QID64","SecondaryAttribute":"Zur Eingabe von Fragentext klicken Sie hier","TertiaryAttribute":null,"Payload":{"QuestionText":"Zur Eingabe von Fragentext klicken Sie hier","DataExportTag":"Q64","QuestionType":"MC","Selector":"SAVR","SubSelector":"TX","DataVisibility":{"Private":false,"Hidden":false},"Configuration":{"QuestionDescriptionOption":"UseText"},"QuestionDescription":"Zur Eingabe von Fragentext klicken Sie hier","Choices":{"1":{"Display":"Klicken, um Antwortm\u00f6glichkeit 1 zu erstellen"},"2":{"Display":"Klicken, um Antwortm\u00f6glichkeit 2 zu erstellen"},"3":{"Display":"Klicken, um Antwortm\u00f6glichkeit 3 zu erstellen"}},"ChoiceOrder":["1","2","3"],"Validation":{"Settings":{"ForceResponse":"OFF","Type":"None"}},"Language":[],"NextChoiceId":4,"NextAnswerId":1,"QuestionID":"QID64"}},{"SurveyID":"SV_08OlC7yH9wV6g8m","Element":"SQ","PrimaryAttribute":"QID66","SecondaryAttribute":"Zur Eingabe von Fragentext klicken Sie hier","TertiaryAttribute":null,"Payload":{"QuestionText":"Zur Eingabe von Fragentext klicken Sie hier","DefaultChoices":false,"DataExportTag":"Q66","QuestionType":"MC","Selector":"SAVR","SubSelector":"TX","DataVisibility":{"Private":false,"Hidden":false},"Configuration":{"QuestionDescriptionOption":"UseText"},"QuestionDescription":"Zur Eingabe von Fragentext klicken Sie hier","Choices":{"1":{"Display":"Klicken, um Antwortm\u00f6glichkeit 1 zu erstellen"},"2":{"Display":"Klicken, um Antwortm\u00f6glichkeit 2 zu erstellen"},"3":{"Display":"Klicken, um Antwortm\u00f6glichkeit 3 zu erstellen"}},"ChoiceOrder":["1","2","3"],"Validation":{"Settings":{"ForceResponse":"OFF","Type":"None"}},"GradingData":[],"Language":[],"NextChoiceId":4,"NextAnswerId":1,"QuestionID":"QID66"}},{"SurveyID":"SV_08OlC7yH9wV6g8m","Element":"SQ","PrimaryAttribute":"QID69","SecondaryAttribute":"Zur Eingabe von Fragentext klicken Sie hier","TertiaryAttribute":null,"Payload":{"QuestionText":"Zur Eingabe von Fragentext klicken Sie hier","DefaultChoices":false,"DataExportTag":"Q69","QuestionType":"DB","Selector":"TB","DataVisibility":{"Private":false,"Hidden":false},"Configuration":{"QuestionDescriptionOption":"UseText"},"QuestionDescription":"Zur Eingabe von Fragentext klicken Sie hier","ChoiceOrder":[],"Validation":{"Settings":{"Type":"None"}},"GradingData":[],"Language":[],"NextChoiceId":4,"NextAnswerId":1,"QuestionID":"QID69"}}]}